// !$*UTF8*$!
{
	archiveVersion = 1;
	classes = {
	};
	objectVersion = 56;
	objects = {

/* Begin PBXBuildFile section */
		FD03D4E02B5AB7DE00728B28 /* QuoteView.swift in Sources */ = {isa = PBXBuildFile; fileRef = FD03D4DE2B5AB6AA00728B28 /* QuoteView.swift */; };
		FD2E69522B602A5C009867AF /* Model.swift in Sources */ = {isa = PBXBuildFile; fileRef = FD2E69512B602A5C009867AF /* Model.swift */; };
		FD2E69542B602C68009867AF /* WeatherUtil.swift in Sources */ = {isa = PBXBuildFile; fileRef = FD2E69532B602C68009867AF /* WeatherUtil.swift */; };
		FD2E69562B602E05009867AF /* WeatherWidgetEntry.swift in Sources */ = {isa = PBXBuildFile; fileRef = FD2E69552B602E05009867AF /* WeatherWidgetEntry.swift */; };
		FD2E69582B602F5A009867AF /* WeatherMockData.swift in Sources */ = {isa = PBXBuildFile; fileRef = FD2E69572B602F5A009867AF /* WeatherMockData.swift */; };
		FD2E695A2B6030FC009867AF /* WeatherWidgetProvider.swift in Sources */ = {isa = PBXBuildFile; fileRef = FD2E69592B6030FC009867AF /* WeatherWidgetProvider.swift */; };
		FD2E695C2B60427B009867AF /* WeatherWidgetView.swift in Sources */ = {isa = PBXBuildFile; fileRef = FD2E695B2B60427B009867AF /* WeatherWidgetView.swift */; };
		FD2E695E2B6042FC009867AF /* WeatherSubview.swift in Sources */ = {isa = PBXBuildFile; fileRef = FD2E695D2B6042FC009867AF /* WeatherSubview.swift */; };
		FD2E69602B6046A8009867AF /* DailyWeatherView.swift in Sources */ = {isa = PBXBuildFile; fileRef = FD2E695F2B6046A8009867AF /* DailyWeatherView.swift */; };
		FD2E69622B604ADB009867AF /* WeatherWidgetWidget.swift in Sources */ = {isa = PBXBuildFile; fileRef = FD2E69612B604ADB009867AF /* WeatherWidgetWidget.swift */; };
		FD9AFC072B618105005D133D /* WorkoutWidget.swift in Sources */ = {isa = PBXBuildFile; fileRef = FD9AFC052B617F06005D133D /* WorkoutWidget.swift */; };
		FD9AFC082B618109005D133D /* WorkoutTimelineProvider.swift in Sources */ = {isa = PBXBuildFile; fileRef = FD9AFC032B617889005D133D /* WorkoutTimelineProvider.swift */; };
		FD9AFC092B61810B005D133D /* WorkoutWidgetEntry.swift in Sources */ = {isa = PBXBuildFile; fileRef = FD9AFC002B617727005D133D /* WorkoutWidgetEntry.swift */; };
		FDA80AB12B57EE1200372627 /* WidgetKitsTestApp.swift in Sources */ = {isa = PBXBuildFile; fileRef = FDA80AB02B57EE1200372627 /* WidgetKitsTestApp.swift */; };
		FDA80AB32B57EE1200372627 /* ContentView.swift in Sources */ = {isa = PBXBuildFile; fileRef = FDA80AB22B57EE1200372627 /* ContentView.swift */; };
		FDA80AB52B57EE1300372627 /* Assets.xcassets in Resources */ = {isa = PBXBuildFile; fileRef = FDA80AB42B57EE1300372627 /* Assets.xcassets */; };
		FDA80AB82B57EE1300372627 /* Preview Assets.xcassets in Resources */ = {isa = PBXBuildFile; fileRef = FDA80AB72B57EE1300372627 /* Preview Assets.xcassets */; };
		FDA80AC52B57EE7F00372627 /* WidgetKit.framework in Frameworks */ = {isa = PBXBuildFile; fileRef = FDA80AC42B57EE7F00372627 /* WidgetKit.framework */; };
		FDA80AC72B57EE7F00372627 /* SwiftUI.framework in Frameworks */ = {isa = PBXBuildFile; fileRef = FDA80AC62B57EE7F00372627 /* SwiftUI.framework */; };
		FDA80ACA2B57EE7F00372627 /* SimpleStaticWidgetBundle.swift in Sources */ = {isa = PBXBuildFile; fileRef = FDA80AC92B57EE7F00372627 /* SimpleStaticWidgetBundle.swift */; };
		FDA80ACC2B57EE7F00372627 /* SimpleStaticWidget.swift in Sources */ = {isa = PBXBuildFile; fileRef = FDA80ACB2B57EE7F00372627 /* SimpleStaticWidget.swift */; };
		FDA80ACE2B57EE8100372627 /* Assets.xcassets in Resources */ = {isa = PBXBuildFile; fileRef = FDA80ACD2B57EE8100372627 /* Assets.xcassets */; };
		FDA80AD22B57EE8100372627 /* SimpleStaticWidgetExtension.appex in Embed Foundation Extensions */ = {isa = PBXBuildFile; fileRef = FDA80AC22B57EE7F00372627 /* SimpleStaticWidgetExtension.appex */; settings = {ATTRIBUTES = (RemoveHeadersOnCopy, ); }; };
		FDA80AD92B57EF4200372627 /* HelloStaticWidgetEntry.swift in Sources */ = {isa = PBXBuildFile; fileRef = FDA80AD82B57EF4200372627 /* HelloStaticWidgetEntry.swift */; };
		FDA80ADB2B57F05B00372627 /* HelloStaticWidgetView.swift in Sources */ = {isa = PBXBuildFile; fileRef = FDA80ADA2B57F05B00372627 /* HelloStaticWidgetView.swift */; };
		FDA80ADF2B58343D00372627 /* HelloStaticWidgetTimeLineProvider.swift in Sources */ = {isa = PBXBuildFile; fileRef = FDA80ADE2B58343D00372627 /* HelloStaticWidgetTimeLineProvider.swift */; };
		FDA80AE12B58396200372627 /* HelloStaticWidgetWidget.swift in Sources */ = {isa = PBXBuildFile; fileRef = FDA80AE02B58396200372627 /* HelloStaticWidgetWidget.swift */; };
		FDA80AE42B5841C600372627 /* TodayInfoTimeLineEntry.swift in Sources */ = {isa = PBXBuildFile; fileRef = FDA80AE32B5841C600372627 /* TodayInfoTimeLineEntry.swift */; };
		FDA80AE62B58421D00372627 /* TodayInfoTimeLineProvider.swift in Sources */ = {isa = PBXBuildFile; fileRef = FDA80AE52B58421D00372627 /* TodayInfoTimeLineProvider.swift */; };
		FDA80AE82B584D7A00372627 /* TodayInfoView.swift in Sources */ = {isa = PBXBuildFile; fileRef = FDA80AE72B584D7A00372627 /* TodayInfoView.swift */; };
		FDA80AEA2B584EF000372627 /* TodayInfoWidget.swift in Sources */ = {isa = PBXBuildFile; fileRef = FDA80AE92B584EF000372627 /* TodayInfoWidget.swift */; };
		FDB35A1F2B5BB44200CF24E2 /* QuoteModel.swift in Sources */ = {isa = PBXBuildFile; fileRef = FD03D4D82B5A9C3400728B28 /* QuoteModel.swift */; };
		FDB35A202B5BB44700CF24E2 /* QuoteServices.swift in Sources */ = {isa = PBXBuildFile; fileRef = FD03D4DA2B5A9C4400728B28 /* QuoteServices.swift */; };
		FDB35A212B5BB44A00CF24E2 /* QuoteTimelineProvider.swift in Sources */ = {isa = PBXBuildFile; fileRef = FD03D4DC2B5AB3A700728B28 /* QuoteTimelineProvider.swift */; };
		FDB35A222B5BB44D00CF24E2 /* QuotesTimelineEntry.swift in Sources */ = {isa = PBXBuildFile; fileRef = FD03D4D62B5A9C0100728B28 /* QuotesTimelineEntry.swift */; };
		FDB35A242B5BD4CE00CF24E2 /* QuoteWidget.swift in Sources */ = {isa = PBXBuildFile; fileRef = FDB35A232B5BD4CE00CF24E2 /* QuoteWidget.swift */; };
		FDB35A272B5BE12500CF24E2 /* Services.swift in Sources */ = {isa = PBXBuildFile; fileRef = FDB35A262B5BE12500CF24E2 /* Services.swift */; };
		FDB35A292B5C268800CF24E2 /* NetworkImageView.swift in Sources */ = {isa = PBXBuildFile; fileRef = FDB35A282B5C268800CF24E2 /* NetworkImageView.swift */; };
		FDD64DFF2B61433C00EAE354 /* WorkoutModel.swift in Sources */ = {isa = PBXBuildFile; fileRef = FDD64DFE2B61433C00EAE354 /* WorkoutModel.swift */; };
		FDD64E012B61476800EAE354 /* WorkoutView.swift in Sources */ = {isa = PBXBuildFile; fileRef = FDD64E002B61476800EAE354 /* WorkoutView.swift */; };
		FDD64E022B61476800EAE354 /* WorkoutView.swift in Sources */ = {isa = PBXBuildFile; fileRef = FDD64E002B61476800EAE354 /* WorkoutView.swift */; };
		FDD64E032B6148CC00EAE354 /* WorkoutModel.swift in Sources */ = {isa = PBXBuildFile; fileRef = FDD64DFE2B61433C00EAE354 /* WorkoutModel.swift */; };
/* End PBXBuildFile section */

/* Begin PBXContainerItemProxy section */
		FDA80AD02B57EE8100372627 /* PBXContainerItemProxy */ = {
			isa = PBXContainerItemProxy;
			containerPortal = FDA80AA52B57EE1200372627 /* Project object */;
			proxyType = 1;
			remoteGlobalIDString = FDA80AC12B57EE7F00372627;
			remoteInfo = SimpleStaticWidgetExtension;
		};
/* End PBXContainerItemProxy section */

/* Begin PBXCopyFilesBuildPhase section */
		FDA80AD62B57EE8100372627 /* Embed Foundation Extensions */ = {
			isa = PBXCopyFilesBuildPhase;
			buildActionMask = 2147483647;
			dstPath = "";
			dstSubfolderSpec = 13;
			files = (
				FDA80AD22B57EE8100372627 /* SimpleStaticWidgetExtension.appex in Embed Foundation Extensions */,
			);
			name = "Embed Foundation Extensions";
			runOnlyForDeploymentPostprocessing = 0;
		};
/* End PBXCopyFilesBuildPhase section */

/* Begin PBXFileReference section */
		FD03D4D62B5A9C0100728B28 /* QuotesTimelineEntry.swift */ = {isa = PBXFileReference; lastKnownFileType = sourcecode.swift; path = QuotesTimelineEntry.swift; sourceTree = "<group>"; };
		FD03D4D82B5A9C3400728B28 /* QuoteModel.swift */ = {isa = PBXFileReference; lastKnownFileType = sourcecode.swift; path = QuoteModel.swift; sourceTree = "<group>"; };
		FD03D4DA2B5A9C4400728B28 /* QuoteServices.swift */ = {isa = PBXFileReference; lastKnownFileType = sourcecode.swift; path = QuoteServices.swift; sourceTree = "<group>"; };
		FD03D4DC2B5AB3A700728B28 /* QuoteTimelineProvider.swift */ = {isa = PBXFileReference; lastKnownFileType = sourcecode.swift; path = QuoteTimelineProvider.swift; sourceTree = "<group>"; };
		FD03D4DE2B5AB6AA00728B28 /* QuoteView.swift */ = {isa = PBXFileReference; lastKnownFileType = sourcecode.swift; path = QuoteView.swift; sourceTree = "<group>"; };
		FD2E69512B602A5C009867AF /* Model.swift */ = {isa = PBXFileReference; lastKnownFileType = sourcecode.swift; path = Model.swift; sourceTree = "<group>"; };
		FD2E69532B602C68009867AF /* WeatherUtil.swift */ = {isa = PBXFileReference; lastKnownFileType = sourcecode.swift; path = WeatherUtil.swift; sourceTree = "<group>"; };
		FD2E69552B602E05009867AF /* WeatherWidgetEntry.swift */ = {isa = PBXFileReference; lastKnownFileType = sourcecode.swift; path = WeatherWidgetEntry.swift; sourceTree = "<group>"; };
		FD2E69572B602F5A009867AF /* WeatherMockData.swift */ = {isa = PBXFileReference; lastKnownFileType = sourcecode.swift; path = WeatherMockData.swift; sourceTree = "<group>"; };
		FD2E69592B6030FC009867AF /* WeatherWidgetProvider.swift */ = {isa = PBXFileReference; lastKnownFileType = sourcecode.swift; path = WeatherWidgetProvider.swift; sourceTree = "<group>"; };
		FD2E695B2B60427B009867AF /* WeatherWidgetView.swift */ = {isa = PBXFileReference; lastKnownFileType = sourcecode.swift; path = WeatherWidgetView.swift; sourceTree = "<group>"; };
		FD2E695D2B6042FC009867AF /* WeatherSubview.swift */ = {isa = PBXFileReference; lastKnownFileType = sourcecode.swift; path = WeatherSubview.swift; sourceTree = "<group>"; };
		FD2E695F2B6046A8009867AF /* DailyWeatherView.swift */ = {isa = PBXFileReference; lastKnownFileType = sourcecode.swift; path = DailyWeatherView.swift; sourceTree = "<group>"; };
		FD2E69612B604ADB009867AF /* WeatherWidgetWidget.swift */ = {isa = PBXFileReference; lastKnownFileType = sourcecode.swift; path = WeatherWidgetWidget.swift; sourceTree = "<group>"; };
		FD9AFC002B617727005D133D /* WorkoutWidgetEntry.swift */ = {isa = PBXFileReference; lastKnownFileType = sourcecode.swift; path = WorkoutWidgetEntry.swift; sourceTree = "<group>"; };
		FD9AFC032B617889005D133D /* WorkoutTimelineProvider.swift */ = {isa = PBXFileReference; lastKnownFileType = sourcecode.swift; path = WorkoutTimelineProvider.swift; sourceTree = "<group>"; };
		FD9AFC052B617F06005D133D /* WorkoutWidget.swift */ = {isa = PBXFileReference; lastKnownFileType = sourcecode.swift; path = WorkoutWidget.swift; sourceTree = "<group>"; };
		FDA80AAD2B57EE1200372627 /* WidgetKitsTest.app */ = {isa = PBXFileReference; explicitFileType = wrapper.application; includeInIndex = 0; path = WidgetKitsTest.app; sourceTree = BUILT_PRODUCTS_DIR; };
		FDA80AB02B57EE1200372627 /* WidgetKitsTestApp.swift */ = {isa = PBXFileReference; lastKnownFileType = sourcecode.swift; path = WidgetKitsTestApp.swift; sourceTree = "<group>"; };
		FDA80AB22B57EE1200372627 /* ContentView.swift */ = {isa = PBXFileReference; lastKnownFileType = sourcecode.swift; path = ContentView.swift; sourceTree = "<group>"; };
		FDA80AB42B57EE1300372627 /* Assets.xcassets */ = {isa = PBXFileReference; lastKnownFileType = folder.assetcatalog; path = Assets.xcassets; sourceTree = "<group>"; };
		FDA80AB72B57EE1300372627 /* Preview Assets.xcassets */ = {isa = PBXFileReference; lastKnownFileType = folder.assetcatalog; path = "Preview Assets.xcassets"; sourceTree = "<group>"; };
		FDA80AC22B57EE7F00372627 /* SimpleStaticWidgetExtension.appex */ = {isa = PBXFileReference; explicitFileType = "wrapper.app-extension"; includeInIndex = 0; path = SimpleStaticWidgetExtension.appex; sourceTree = BUILT_PRODUCTS_DIR; };
		FDA80AC42B57EE7F00372627 /* WidgetKit.framework */ = {isa = PBXFileReference; lastKnownFileType = wrapper.framework; name = WidgetKit.framework; path = System/Library/Frameworks/WidgetKit.framework; sourceTree = SDKROOT; };
		FDA80AC62B57EE7F00372627 /* SwiftUI.framework */ = {isa = PBXFileReference; lastKnownFileType = wrapper.framework; name = SwiftUI.framework; path = System/Library/Frameworks/SwiftUI.framework; sourceTree = SDKROOT; };
		FDA80AC92B57EE7F00372627 /* SimpleStaticWidgetBundle.swift */ = {isa = PBXFileReference; lastKnownFileType = sourcecode.swift; path = SimpleStaticWidgetBundle.swift; sourceTree = "<group>"; };
		FDA80ACB2B57EE7F00372627 /* SimpleStaticWidget.swift */ = {isa = PBXFileReference; lastKnownFileType = sourcecode.swift; path = SimpleStaticWidget.swift; sourceTree = "<group>"; };
		FDA80ACD2B57EE8100372627 /* Assets.xcassets */ = {isa = PBXFileReference; lastKnownFileType = folder.assetcatalog; path = Assets.xcassets; sourceTree = "<group>"; };
		FDA80ACF2B57EE8100372627 /* Info.plist */ = {isa = PBXFileReference; lastKnownFileType = text.plist.xml; path = Info.plist; sourceTree = "<group>"; };
		FDA80AD82B57EF4200372627 /* HelloStaticWidgetEntry.swift */ = {isa = PBXFileReference; lastKnownFileType = sourcecode.swift; path = HelloStaticWidgetEntry.swift; sourceTree = "<group>"; };
		FDA80ADA2B57F05B00372627 /* HelloStaticWidgetView.swift */ = {isa = PBXFileReference; lastKnownFileType = sourcecode.swift; path = HelloStaticWidgetView.swift; sourceTree = "<group>"; };
		FDA80ADE2B58343D00372627 /* HelloStaticWidgetTimeLineProvider.swift */ = {isa = PBXFileReference; lastKnownFileType = sourcecode.swift; path = HelloStaticWidgetTimeLineProvider.swift; sourceTree = "<group>"; };
		FDA80AE02B58396200372627 /* HelloStaticWidgetWidget.swift */ = {isa = PBXFileReference; lastKnownFileType = sourcecode.swift; path = HelloStaticWidgetWidget.swift; sourceTree = "<group>"; };
		FDA80AE32B5841C600372627 /* TodayInfoTimeLineEntry.swift */ = {isa = PBXFileReference; lastKnownFileType = sourcecode.swift; path = TodayInfoTimeLineEntry.swift; sourceTree = "<group>"; };
		FDA80AE52B58421D00372627 /* TodayInfoTimeLineProvider.swift */ = {isa = PBXFileReference; lastKnownFileType = sourcecode.swift; path = TodayInfoTimeLineProvider.swift; sourceTree = "<group>"; };
		FDA80AE72B584D7A00372627 /* TodayInfoView.swift */ = {isa = PBXFileReference; lastKnownFileType = sourcecode.swift; path = TodayInfoView.swift; sourceTree = "<group>"; };
		FDA80AE92B584EF000372627 /* TodayInfoWidget.swift */ = {isa = PBXFileReference; lastKnownFileType = sourcecode.swift; path = TodayInfoWidget.swift; sourceTree = "<group>"; };
		FDB35A232B5BD4CE00CF24E2 /* QuoteWidget.swift */ = {isa = PBXFileReference; lastKnownFileType = sourcecode.swift; path = QuoteWidget.swift; sourceTree = "<group>"; };
		FDB35A262B5BE12500CF24E2 /* Services.swift */ = {isa = PBXFileReference; lastKnownFileType = sourcecode.swift; path = Services.swift; sourceTree = "<group>"; };
		FDB35A282B5C268800CF24E2 /* NetworkImageView.swift */ = {isa = PBXFileReference; lastKnownFileType = sourcecode.swift; path = NetworkImageView.swift; sourceTree = "<group>"; };
		FDD64DFE2B61433C00EAE354 /* WorkoutModel.swift */ = {isa = PBXFileReference; lastKnownFileType = sourcecode.swift; path = WorkoutModel.swift; sourceTree = "<group>"; };
		FDD64E002B61476800EAE354 /* WorkoutView.swift */ = {isa = PBXFileReference; lastKnownFileType = sourcecode.swift; path = WorkoutView.swift; sourceTree = "<group>"; };
/* End PBXFileReference section */

/* Begin PBXFrameworksBuildPhase section */
		FDA80AAA2B57EE1200372627 /* Frameworks */ = {
			isa = PBXFrameworksBuildPhase;
			buildActionMask = 2147483647;
			files = (
			);
			runOnlyForDeploymentPostprocessing = 0;
		};
		FDA80ABF2B57EE7F00372627 /* Frameworks */ = {
			isa = PBXFrameworksBuildPhase;
			buildActionMask = 2147483647;
			files = (
				FDA80AC72B57EE7F00372627 /* SwiftUI.framework in Frameworks */,
				FDA80AC52B57EE7F00372627 /* WidgetKit.framework in Frameworks */,
			);
			runOnlyForDeploymentPostprocessing = 0;
		};
/* End PBXFrameworksBuildPhase section */

/* Begin PBXGroup section */
		FD03D4D52B5A9BCC00728B28 /* QuotesWidget */ = {
			isa = PBXGroup;
			children = (
				FD03D4D62B5A9C0100728B28 /* QuotesTimelineEntry.swift */,
				FD03D4D82B5A9C3400728B28 /* QuoteModel.swift */,
				FD03D4DA2B5A9C4400728B28 /* QuoteServices.swift */,
				FD03D4DC2B5AB3A700728B28 /* QuoteTimelineProvider.swift */,
				FD03D4DE2B5AB6AA00728B28 /* QuoteView.swift */,
				FDB35A232B5BD4CE00CF24E2 /* QuoteWidget.swift */,
			);
			path = QuotesWidget;
			sourceTree = "<group>";
		};
		FD2E69632B604E47009867AF /* ChartWidget */ = {
			isa = PBXGroup;
			children = (
				FD9AFC002B617727005D133D /* WorkoutWidgetEntry.swift */,
				FD9AFC032B617889005D133D /* WorkoutTimelineProvider.swift */,
				FD9AFC052B617F06005D133D /* WorkoutWidget.swift */,
			);
			path = ChartWidget;
			sourceTree = "<group>";
		};
		FDA80AA42B57EE1200372627 = {
			isa = PBXGroup;
			children = (
				FDA80AAF2B57EE1200372627 /* WidgetKitsTest */,
				FDA80AC82B57EE7F00372627 /* SimpleStaticWidget */,
				FDA80AD72B57EF0D00372627 /* HelloStaticImageWidget */,
				FDA80AE22B58417900372627 /* TodayInfoWidget */,
				FD03D4D52B5A9BCC00728B28 /* QuotesWidget */,
				FDB35A252B5BE10400CF24E2 /* WeatherWidget */,
				FD2E69632B604E47009867AF /* ChartWidget */,
				FDA80AC32B57EE7F00372627 /* Frameworks */,
				FDA80AAE2B57EE1200372627 /* Products */,
			);
			sourceTree = "<group>";
		};
		FDA80AAE2B57EE1200372627 /* Products */ = {
			isa = PBXGroup;
			children = (
				FDA80AAD2B57EE1200372627 /* WidgetKitsTest.app */,
				FDA80AC22B57EE7F00372627 /* SimpleStaticWidgetExtension.appex */,
			);
			name = Products;
			sourceTree = "<group>";
		};
		FDA80AAF2B57EE1200372627 /* WidgetKitsTest */ = {
			isa = PBXGroup;
			children = (
				FDD64DFD2B6142B800EAE354 /* WorkoutTracker */,
				FDA80AB02B57EE1200372627 /* WidgetKitsTestApp.swift */,
				FDA80AB22B57EE1200372627 /* ContentView.swift */,
				FDA80AB42B57EE1300372627 /* Assets.xcassets */,
				FDA80AB62B57EE1300372627 /* Preview Content */,
			);
			path = WidgetKitsTest;
			sourceTree = "<group>";
		};
		FDA80AB62B57EE1300372627 /* Preview Content */ = {
			isa = PBXGroup;
			children = (
				FDA80AB72B57EE1300372627 /* Preview Assets.xcassets */,
			);
			path = "Preview Content";
			sourceTree = "<group>";
		};
		FDA80AC32B57EE7F00372627 /* Frameworks */ = {
			isa = PBXGroup;
			children = (
				FDA80AC42B57EE7F00372627 /* WidgetKit.framework */,
				FDA80AC62B57EE7F00372627 /* SwiftUI.framework */,
			);
			name = Frameworks;
			sourceTree = "<group>";
		};
		FDA80AC82B57EE7F00372627 /* SimpleStaticWidget */ = {
			isa = PBXGroup;
			children = (
				FDA80AC92B57EE7F00372627 /* SimpleStaticWidgetBundle.swift */,
				FDA80ACB2B57EE7F00372627 /* SimpleStaticWidget.swift */,
				FDA80ACD2B57EE8100372627 /* Assets.xcassets */,
				FDA80ACF2B57EE8100372627 /* Info.plist */,
			);
			path = SimpleStaticWidget;
			sourceTree = "<group>";
		};
		FDA80AD72B57EF0D00372627 /* HelloStaticImageWidget */ = {
			isa = PBXGroup;
			children = (
				FDA80AD82B57EF4200372627 /* HelloStaticWidgetEntry.swift */,
				FDB35A282B5C268800CF24E2 /* NetworkImageView.swift */,
				FDA80ADA2B57F05B00372627 /* HelloStaticWidgetView.swift */,
				FDA80ADE2B58343D00372627 /* HelloStaticWidgetTimeLineProvider.swift */,
				FDA80AE02B58396200372627 /* HelloStaticWidgetWidget.swift */,
			);
			path = HelloStaticImageWidget;
			sourceTree = "<group>";
		};
		FDA80AE22B58417900372627 /* TodayInfoWidget */ = {
			isa = PBXGroup;
			children = (
				FDA80AE32B5841C600372627 /* TodayInfoTimeLineEntry.swift */,
				FDA80AE52B58421D00372627 /* TodayInfoTimeLineProvider.swift */,
				FDA80AE72B584D7A00372627 /* TodayInfoView.swift */,
				FDA80AE92B584EF000372627 /* TodayInfoWidget.swift */,
			);
			path = TodayInfoWidget;
			sourceTree = "<group>";
		};
		FDB35A252B5BE10400CF24E2 /* WeatherWidget */ = {
			isa = PBXGroup;
			children = (
				FD2E69512B602A5C009867AF /* Model.swift */,
				FDB35A262B5BE12500CF24E2 /* Services.swift */,
				FD2E69532B602C68009867AF /* WeatherUtil.swift */,
				FD2E69572B602F5A009867AF /* WeatherMockData.swift */,
				FD2E69552B602E05009867AF /* WeatherWidgetEntry.swift */,
				FD2E69592B6030FC009867AF /* WeatherWidgetProvider.swift */,
				FD2E695D2B6042FC009867AF /* WeatherSubview.swift */,
				FD2E695F2B6046A8009867AF /* DailyWeatherView.swift */,
				FD2E695B2B60427B009867AF /* WeatherWidgetView.swift */,
				FD2E69612B604ADB009867AF /* WeatherWidgetWidget.swift */,
			);
			path = WeatherWidget;
			sourceTree = "<group>";
		};
		FDD64DFD2B6142B800EAE354 /* WorkoutTracker */ = {
			isa = PBXGroup;
			children = (
				FDD64DFE2B61433C00EAE354 /* WorkoutModel.swift */,
				FDD64E002B61476800EAE354 /* WorkoutView.swift */,
			);
			path = WorkoutTracker;
			sourceTree = "<group>";
		};
/* End PBXGroup section */

/* Begin PBXNativeTarget section */
		FDA80AAC2B57EE1200372627 /* WidgetKitsTest */ = {
			isa = PBXNativeTarget;
			buildConfigurationList = FDA80ABB2B57EE1300372627 /* Build configuration list for PBXNativeTarget "WidgetKitsTest" */;
			buildPhases = (
				FDA80AA92B57EE1200372627 /* Sources */,
				FDA80AAA2B57EE1200372627 /* Frameworks */,
				FDA80AAB2B57EE1200372627 /* Resources */,
				FDA80AD62B57EE8100372627 /* Embed Foundation Extensions */,
			);
			buildRules = (
			);
			dependencies = (
				FDA80AD12B57EE8100372627 /* PBXTargetDependency */,
			);
			name = WidgetKitsTest;
			productName = WidgetKitsTest;
			productReference = FDA80AAD2B57EE1200372627 /* WidgetKitsTest.app */;
			productType = "com.apple.product-type.application";
		};
		FDA80AC12B57EE7F00372627 /* SimpleStaticWidgetExtension */ = {
			isa = PBXNativeTarget;
			buildConfigurationList = FDA80AD32B57EE8100372627 /* Build configuration list for PBXNativeTarget "SimpleStaticWidgetExtension" */;
			buildPhases = (
				FDA80ABE2B57EE7F00372627 /* Sources */,
				FDA80ABF2B57EE7F00372627 /* Frameworks */,
				FDA80AC02B57EE7F00372627 /* Resources */,
			);
			buildRules = (
			);
			dependencies = (
			);
			name = SimpleStaticWidgetExtension;
			productName = SimpleStaticWidgetExtension;
			productReference = FDA80AC22B57EE7F00372627 /* SimpleStaticWidgetExtension.appex */;
			productType = "com.apple.product-type.app-extension";
		};
/* End PBXNativeTarget section */

/* Begin PBXProject section */
		FDA80AA52B57EE1200372627 /* Project object */ = {
			isa = PBXProject;
			attributes = {
				BuildIndependentTargetsInParallel = 1;
				LastSwiftUpdateCheck = 1520;
				LastUpgradeCheck = 1520;
				TargetAttributes = {
					FDA80AAC2B57EE1200372627 = {
						CreatedOnToolsVersion = 15.2;
					};
					FDA80AC12B57EE7F00372627 = {
						CreatedOnToolsVersion = 15.2;
					};
				};
			};
			buildConfigurationList = FDA80AA82B57EE1200372627 /* Build configuration list for PBXProject "WidgetKitsTest" */;
			compatibilityVersion = "Xcode 14.0";
			developmentRegion = en;
			hasScannedForEncodings = 0;
			knownRegions = (
				en,
				Base,
			);
			mainGroup = FDA80AA42B57EE1200372627;
			productRefGroup = FDA80AAE2B57EE1200372627 /* Products */;
			projectDirPath = "";
			projectRoot = "";
			targets = (
				FDA80AAC2B57EE1200372627 /* WidgetKitsTest */,
				FDA80AC12B57EE7F00372627 /* SimpleStaticWidgetExtension */,
			);
		};
/* End PBXProject section */

/* Begin PBXResourcesBuildPhase section */
		FDA80AAB2B57EE1200372627 /* Resources */ = {
			isa = PBXResourcesBuildPhase;
			buildActionMask = 2147483647;
			files = (
				FDA80AB82B57EE1300372627 /* Preview Assets.xcassets in Resources */,
				FDA80AB52B57EE1300372627 /* Assets.xcassets in Resources */,
			);
			runOnlyForDeploymentPostprocessing = 0;
		};
		FDA80AC02B57EE7F00372627 /* Resources */ = {
			isa = PBXResourcesBuildPhase;
			buildActionMask = 2147483647;
			files = (
				FDA80ACE2B57EE8100372627 /* Assets.xcassets in Resources */,
			);
			runOnlyForDeploymentPostprocessing = 0;
		};
/* End PBXResourcesBuildPhase section */

/* Begin PBXSourcesBuildPhase section */
		FDA80AA92B57EE1200372627 /* Sources */ = {
			isa = PBXSourcesBuildPhase;
			buildActionMask = 2147483647;
			files = (
				FDA80AB32B57EE1200372627 /* ContentView.swift in Sources */,
				FDA80AB12B57EE1200372627 /* WidgetKitsTestApp.swift in Sources */,
				FDD64E012B61476800EAE354 /* WorkoutView.swift in Sources */,
				FDD64DFF2B61433C00EAE354 /* WorkoutModel.swift in Sources */,
			);
			runOnlyForDeploymentPostprocessing = 0;
		};
		FDA80ABE2B57EE7F00372627 /* Sources */ = {
			isa = PBXSourcesBuildPhase;
			buildActionMask = 2147483647;
			files = (
				FD2E69582B602F5A009867AF /* WeatherMockData.swift in Sources */,
				FDB35A272B5BE12500CF24E2 /* Services.swift in Sources */,
				FD2E69562B602E05009867AF /* WeatherWidgetEntry.swift in Sources */,
				FDA80ACA2B57EE7F00372627 /* SimpleStaticWidgetBundle.swift in Sources */,
				FD9AFC092B61810B005D133D /* WorkoutWidgetEntry.swift in Sources */,
				FD2E69542B602C68009867AF /* WeatherUtil.swift in Sources */,
				FDA80AE62B58421D00372627 /* TodayInfoTimeLineProvider.swift in Sources */,
				FDA80AE12B58396200372627 /* HelloStaticWidgetWidget.swift in Sources */,
				FDA80AEA2B584EF000372627 /* TodayInfoWidget.swift in Sources */,
				FDA80ADF2B58343D00372627 /* HelloStaticWidgetTimeLineProvider.swift in Sources */,
				FDA80AE42B5841C600372627 /* TodayInfoTimeLineEntry.swift in Sources */,
				FDB35A292B5C268800CF24E2 /* NetworkImageView.swift in Sources */,
				FDB35A212B5BB44A00CF24E2 /* QuoteTimelineProvider.swift in Sources */,
				FDB35A1F2B5BB44200CF24E2 /* QuoteModel.swift in Sources */,
				FD2E695E2B6042FC009867AF /* WeatherSubview.swift in Sources */,
				FDD64E022B61476800EAE354 /* WorkoutView.swift in Sources */,
				FD03D4E02B5AB7DE00728B28 /* QuoteView.swift in Sources */,
				FDD64E032B6148CC00EAE354 /* WorkoutModel.swift in Sources */,
				FD9AFC072B618105005D133D /* WorkoutWidget.swift in Sources */,
				FDB35A222B5BB44D00CF24E2 /* QuotesTimelineEntry.swift in Sources */,
				FDA80ADB2B57F05B00372627 /* HelloStaticWidgetView.swift in Sources */,
				FD2E69602B6046A8009867AF /* DailyWeatherView.swift in Sources */,
				FDA80AD92B57EF4200372627 /* HelloStaticWidgetEntry.swift in Sources */,
				FD2E695C2B60427B009867AF /* WeatherWidgetView.swift in Sources */,
				FD2E695A2B6030FC009867AF /* WeatherWidgetProvider.swift in Sources */,
				FDA80ACC2B57EE7F00372627 /* SimpleStaticWidget.swift in Sources */,
				FDB35A202B5BB44700CF24E2 /* QuoteServices.swift in Sources */,
				FD9AFC082B618109005D133D /* WorkoutTimelineProvider.swift in Sources */,
				FD2E69522B602A5C009867AF /* Model.swift in Sources */,
				FDB35A242B5BD4CE00CF24E2 /* QuoteWidget.swift in Sources */,
				FD2E69622B604ADB009867AF /* WeatherWidgetWidget.swift in Sources */,
				FDA80AE82B584D7A00372627 /* TodayInfoView.swift in Sources */,
			);
			runOnlyForDeploymentPostprocessing = 0;
		};
/* End PBXSourcesBuildPhase section */

/* Begin PBXTargetDependency section */
		FDA80AD12B57EE8100372627 /* PBXTargetDependency */ = {
			isa = PBXTargetDependency;
			target = FDA80AC12B57EE7F00372627 /* SimpleStaticWidgetExtension */;
			targetProxy = FDA80AD02B57EE8100372627 /* PBXContainerItemProxy */;
		};
/* End PBXTargetDependency section */

/* Begin XCBuildConfiguration section */
		FDA80AB92B57EE1300372627 /* Debug */ = {
			isa = XCBuildConfiguration;
			buildSettings = {
				ALWAYS_SEARCH_USER_PATHS = NO;
				ASSETCATALOG_COMPILER_GENERATE_SWIFT_ASSET_SYMBOL_EXTENSIONS = YES;
				CLANG_ANALYZER_NONNULL = YES;
				CLANG_ANALYZER_NUMBER_OBJECT_CONVERSION = YES_AGGRESSIVE;
				CLANG_CXX_LANGUAGE_STANDARD = "gnu++20";
				CLANG_ENABLE_MODULES = YES;
				CLANG_ENABLE_OBJC_ARC = YES;
				CLANG_ENABLE_OBJC_WEAK = YES;
				CLANG_WARN_BLOCK_CAPTURE_AUTORELEASING = YES;
				CLANG_WARN_BOOL_CONVERSION = YES;
				CLANG_WARN_COMMA = YES;
				CLANG_WARN_CONSTANT_CONVERSION = YES;
				CLANG_WARN_DEPRECATED_OBJC_IMPLEMENTATIONS = YES;
				CLANG_WARN_DIRECT_OBJC_ISA_USAGE = YES_ERROR;
				CLANG_WARN_DOCUMENTATION_COMMENTS = YES;
				CLANG_WARN_EMPTY_BODY = YES;
				CLANG_WARN_ENUM_CONVERSION = YES;
				CLANG_WARN_INFINITE_RECURSION = YES;
				CLANG_WARN_INT_CONVERSION = YES;
				CLANG_WARN_NON_LITERAL_NULL_CONVERSION = YES;
				CLANG_WARN_OBJC_IMPLICIT_RETAIN_SELF = YES;
				CLANG_WARN_OBJC_LITERAL_CONVERSION = YES;
				CLANG_WARN_OBJC_ROOT_CLASS = YES_ERROR;
				CLANG_WARN_QUOTED_INCLUDE_IN_FRAMEWORK_HEADER = YES;
				CLANG_WARN_RANGE_LOOP_ANALYSIS = YES;
				CLANG_WARN_STRICT_PROTOTYPES = YES;
				CLANG_WARN_SUSPICIOUS_MOVE = YES;
				CLANG_WARN_UNGUARDED_AVAILABILITY = YES_AGGRESSIVE;
				CLANG_WARN_UNREACHABLE_CODE = YES;
				CLANG_WARN__DUPLICATE_METHOD_MATCH = YES;
				COPY_PHASE_STRIP = NO;
				DEBUG_INFORMATION_FORMAT = dwarf;
				ENABLE_STRICT_OBJC_MSGSEND = YES;
				ENABLE_TESTABILITY = YES;
				ENABLE_USER_SCRIPT_SANDBOXING = YES;
				GCC_C_LANGUAGE_STANDARD = gnu17;
				GCC_DYNAMIC_NO_PIC = NO;
				GCC_NO_COMMON_BLOCKS = YES;
				GCC_OPTIMIZATION_LEVEL = 0;
				GCC_PREPROCESSOR_DEFINITIONS = (
					"DEBUG=1",
					"$(inherited)",
				);
				GCC_WARN_64_TO_32_BIT_CONVERSION = YES;
				GCC_WARN_ABOUT_RETURN_TYPE = YES_ERROR;
				GCC_WARN_UNDECLARED_SELECTOR = YES;
				GCC_WARN_UNINITIALIZED_AUTOS = YES_AGGRESSIVE;
				GCC_WARN_UNUSED_FUNCTION = YES;
				GCC_WARN_UNUSED_VARIABLE = YES;
				IPHONEOS_DEPLOYMENT_TARGET = 17.2;
				LOCALIZATION_PREFERS_STRING_CATALOGS = YES;
				MTL_ENABLE_DEBUG_INFO = INCLUDE_SOURCE;
				MTL_FAST_MATH = YES;
				ONLY_ACTIVE_ARCH = YES;
				SDKROOT = iphoneos;
				SWIFT_ACTIVE_COMPILATION_CONDITIONS = "DEBUG $(inherited)";
				SWIFT_OPTIMIZATION_LEVEL = "-Onone";
			};
			name = Debug;
		};
		FDA80ABA2B57EE1300372627 /* Release */ = {
			isa = XCBuildConfiguration;
			buildSettings = {
				ALWAYS_SEARCH_USER_PATHS = NO;
				ASSETCATALOG_COMPILER_GENERATE_SWIFT_ASSET_SYMBOL_EXTENSIONS = YES;
				CLANG_ANALYZER_NONNULL = YES;
				CLANG_ANALYZER_NUMBER_OBJECT_CONVERSION = YES_AGGRESSIVE;
				CLANG_CXX_LANGUAGE_STANDARD = "gnu++20";
				CLANG_ENABLE_MODULES = YES;
				CLANG_ENABLE_OBJC_ARC = YES;
				CLANG_ENABLE_OBJC_WEAK = YES;
				CLANG_WARN_BLOCK_CAPTURE_AUTORELEASING = YES;
				CLANG_WARN_BOOL_CONVERSION = YES;
				CLANG_WARN_COMMA = YES;
				CLANG_WARN_CONSTANT_CONVERSION = YES;
				CLANG_WARN_DEPRECATED_OBJC_IMPLEMENTATIONS = YES;
				CLANG_WARN_DIRECT_OBJC_ISA_USAGE = YES_ERROR;
				CLANG_WARN_DOCUMENTATION_COMMENTS = YES;
				CLANG_WARN_EMPTY_BODY = YES;
				CLANG_WARN_ENUM_CONVERSION = YES;
				CLANG_WARN_INFINITE_RECURSION = YES;
				CLANG_WARN_INT_CONVERSION = YES;
				CLANG_WARN_NON_LITERAL_NULL_CONVERSION = YES;
				CLANG_WARN_OBJC_IMPLICIT_RETAIN_SELF = YES;
				CLANG_WARN_OBJC_LITERAL_CONVERSION = YES;
				CLANG_WARN_OBJC_ROOT_CLASS = YES_ERROR;
				CLANG_WARN_QUOTED_INCLUDE_IN_FRAMEWORK_HEADER = YES;
				CLANG_WARN_RANGE_LOOP_ANALYSIS = YES;
				CLANG_WARN_STRICT_PROTOTYPES = YES;
				CLANG_WARN_SUSPICIOUS_MOVE = YES;
				CLANG_WARN_UNGUARDED_AVAILABILITY = YES_AGGRESSIVE;
				CLANG_WARN_UNREACHABLE_CODE = YES;
				CLANG_WARN__DUPLICATE_METHOD_MATCH = YES;
				COPY_PHASE_STRIP = NO;
				DEBUG_INFORMATION_FORMAT = "dwarf-with-dsym";
				ENABLE_NS_ASSERTIONS = NO;
				ENABLE_STRICT_OBJC_MSGSEND = YES;
				ENABLE_USER_SCRIPT_SANDBOXING = YES;
				GCC_C_LANGUAGE_STANDARD = gnu17;
				GCC_NO_COMMON_BLOCKS = YES;
				GCC_WARN_64_TO_32_BIT_CONVERSION = YES;
				GCC_WARN_ABOUT_RETURN_TYPE = YES_ERROR;
				GCC_WARN_UNDECLARED_SELECTOR = YES;
				GCC_WARN_UNINITIALIZED_AUTOS = YES_AGGRESSIVE;
				GCC_WARN_UNUSED_FUNCTION = YES;
				GCC_WARN_UNUSED_VARIABLE = YES;
				IPHONEOS_DEPLOYMENT_TARGET = 17.2;
				LOCALIZATION_PREFERS_STRING_CATALOGS = YES;
				MTL_ENABLE_DEBUG_INFO = NO;
				MTL_FAST_MATH = YES;
				SDKROOT = iphoneos;
				SWIFT_COMPILATION_MODE = wholemodule;
				VALIDATE_PRODUCT = YES;
			};
			name = Release;
		};
		FDA80ABC2B57EE1300372627 /* Debug */ = {
			isa = XCBuildConfiguration;
			buildSettings = {
				ALWAYS_EMBED_SWIFT_STANDARD_LIBRARIES = YES;
				ASSETCATALOG_COMPILER_APPICON_NAME = AppIcon;
				ASSETCATALOG_COMPILER_GLOBAL_ACCENT_COLOR_NAME = AccentColor;
				CODE_SIGN_STYLE = Automatic;
				CURRENT_PROJECT_VERSION = 1;
				DEVELOPMENT_ASSET_PATHS = "\"WidgetKitsTest/Preview Content\"";
				DEVELOPMENT_TEAM = LJT266936C;
				ENABLE_PREVIEWS = YES;
				GENERATE_INFOPLIST_FILE = YES;
				INFOPLIST_KEY_UIApplicationSceneManifest_Generation = YES;
				INFOPLIST_KEY_UIApplicationSupportsIndirectInputEvents = YES;
				INFOPLIST_KEY_UILaunchScreen_Generation = YES;
				INFOPLIST_KEY_UISupportedInterfaceOrientations_iPad = "UIInterfaceOrientationPortrait UIInterfaceOrientationPortraitUpsideDown UIInterfaceOrientationLandscapeLeft UIInterfaceOrientationLandscapeRight";
				INFOPLIST_KEY_UISupportedInterfaceOrientations_iPhone = "UIInterfaceOrientationPortrait UIInterfaceOrientationLandscapeLeft UIInterfaceOrientationLandscapeRight";
				LD_RUNPATH_SEARCH_PATHS = (
					"$(inherited)",
					"@executable_path/Frameworks",
				);
				MARKETING_VERSION = 1.0;
				PRODUCT_BUNDLE_IDENTIFIER = Yellow.WidgetKitsTest;
				PRODUCT_NAME = "$(TARGET_NAME)";
				SWIFT_EMIT_LOC_STRINGS = YES;
				SWIFT_VERSION = 5.0;
				TARGETED_DEVICE_FAMILY = "1,2";
			};
			name = Debug;
		};
		FDA80ABD2B57EE1300372627 /* Release */ = {
			isa = XCBuildConfiguration;
			buildSettings = {
				ALWAYS_EMBED_SWIFT_STANDARD_LIBRARIES = YES;
				ASSETCATALOG_COMPILER_APPICON_NAME = AppIcon;
				ASSETCATALOG_COMPILER_GLOBAL_ACCENT_COLOR_NAME = AccentColor;
				CODE_SIGN_STYLE = Automatic;
				CURRENT_PROJECT_VERSION = 1;
				DEVELOPMENT_ASSET_PATHS = "\"WidgetKitsTest/Preview Content\"";
				DEVELOPMENT_TEAM = LJT266936C;
				ENABLE_PREVIEWS = YES;
				GENERATE_INFOPLIST_FILE = YES;
				INFOPLIST_KEY_UIApplicationSceneManifest_Generation = YES;
				INFOPLIST_KEY_UIApplicationSupportsIndirectInputEvents = YES;
				INFOPLIST_KEY_UILaunchScreen_Generation = YES;
				INFOPLIST_KEY_UISupportedInterfaceOrientations_iPad = "UIInterfaceOrientationPortrait UIInterfaceOrientationPortraitUpsideDown UIInterfaceOrientationLandscapeLeft UIInterfaceOrientationLandscapeRight";
				INFOPLIST_KEY_UISupportedInterfaceOrientations_iPhone = "UIInterfaceOrientationPortrait UIInterfaceOrientationLandscapeLeft UIInterfaceOrientationLandscapeRight";
				LD_RUNPATH_SEARCH_PATHS = (
					"$(inherited)",
					"@executable_path/Frameworks",
				);
				MARKETING_VERSION = 1.0;
				PRODUCT_BUNDLE_IDENTIFIER = Yellow.WidgetKitsTest;
				PRODUCT_NAME = "$(TARGET_NAME)";
				SWIFT_EMIT_LOC_STRINGS = YES;
				SWIFT_VERSION = 5.0;
				TARGETED_DEVICE_FAMILY = "1,2";
			};
			name = Release;
		};
		FDA80AD42B57EE8100372627 /* Debug */ = {
			isa = XCBuildConfiguration;
			buildSettings = {
				ASSETCATALOG_COMPILER_GLOBAL_ACCENT_COLOR_NAME = AccentColor;
				ASSETCATALOG_COMPILER_WIDGET_BACKGROUND_COLOR_NAME = WidgetBackground;
				CODE_SIGN_STYLE = Automatic;
				CURRENT_PROJECT_VERSION = 1;
				DEVELOPMENT_TEAM = LJT266936C;
				GENERATE_INFOPLIST_FILE = YES;
				INFOPLIST_FILE = SimpleStaticWidget/Info.plist;
				INFOPLIST_KEY_CFBundleDisplayName = SimpleStaticWidget;
				INFOPLIST_KEY_NSHumanReadableCopyright = "";
				LD_RUNPATH_SEARCH_PATHS = (
					"$(inherited)",
					"@executable_path/Frameworks",
					"@executable_path/../../Frameworks",
				);
				MARKETING_VERSION = 1.0;
				PRODUCT_BUNDLE_IDENTIFIER = Yellow.WidgetKitsTest.SimpleStaticWidget;
				PRODUCT_NAME = "$(TARGET_NAME)";
				SKIP_INSTALL = YES;
				SWIFT_EMIT_LOC_STRINGS = YES;
				SWIFT_VERSION = 5.0;
				TARGETED_DEVICE_FAMILY = "1,2";
			};
			name = Debug;
		};
		FDA80AD52B57EE8100372627 /* Release */ = {
			isa = XCBuildConfiguration;
			buildSettings = {
				ASSETCATALOG_COMPILER_GLOBAL_ACCENT_COLOR_NAME = AccentColor;
				ASSETCATALOG_COMPILER_WIDGET_BACKGROUND_COLOR_NAME = WidgetBackground;
				CODE_SIGN_STYLE = Automatic;
				CURRENT_PROJECT_VERSION = 1;
				DEVELOPMENT_TEAM = LJT266936C;
				GENERATE_INFOPLIST_FILE = YES;
				INFOPLIST_FILE = SimpleStaticWidget/Info.plist;
				INFOPLIST_KEY_CFBundleDisplayName = SimpleStaticWidget;
				INFOPLIST_KEY_NSHumanReadableCopyright = "";
				LD_RUNPATH_SEARCH_PATHS = (
					"$(inherited)",
					"@executable_path/Frameworks",
					"@executable_path/../../Frameworks",
				);
				MARKETING_VERSION = 1.0;
				PRODUCT_BUNDLE_IDENTIFIER = Yellow.WidgetKitsTest.SimpleStaticWidget;
				PRODUCT_NAME = "$(TARGET_NAME)";
				SKIP_INSTALL = YES;
				SWIFT_EMIT_LOC_STRINGS = YES;
				SWIFT_VERSION = 5.0;
				TARGETED_DEVICE_FAMILY = "1,2";
			};
			name = Release;
		};
/* End XCBuildConfiguration section */

/* Begin XCConfigurationList section */
		FDA80AA82B57EE1200372627 /* Build configuration list for PBXProject "WidgetKitsTest" */ = {
			isa = XCConfigurationList;
			buildConfigurations = (
				FDA80AB92B57EE1300372627 /* Debug */,
				FDA80ABA2B57EE1300372627 /* Release */,
			);
			defaultConfigurationIsVisible = 0;
			defaultConfigurationName = Release;
		};
		FDA80ABB2B57EE1300372627 /* Build configuration list for PBXNativeTarget "WidgetKitsTest" */ = {
			isa = XCConfigurationList;
			buildConfigurations = (
				FDA80ABC2B57EE1300372627 /* Debug */,
				FDA80ABD2B57EE1300372627 /* Release */,
			);
			defaultConfigurationIsVisible = 0;
			defaultConfigurationName = Release;
		};
		FDA80AD32B57EE8100372627 /* Build configuration list for PBXNativeTarget "SimpleStaticWidgetExtension" */ = {
			isa = XCConfigurationList;
			buildConfigurations = (
				FDA80AD42B57EE8100372627 /* Debug */,
				FDA80AD52B57EE8100372627 /* Release */,
			);
			defaultConfigurationIsVisible = 0;
			defaultConfigurationName = Release;
		};
/* End XCConfigurationList section */
	};
	rootObject = FDA80AA52B57EE1200372627 /* Project object */;
}
