// !$*UTF8*$!
{
	archiveVersion = 1;
	classes = {
	};
	objectVersion = 56;
	objects = {

/* Begin PBXBuildFile section */
		FD03D4E02B5AB7DE00728B28 /* QuoteView.swift in Sources */ = {isa = PBXBuildFile; fileRef = FD03D4DE2B5AB6AA00728B28 /* QuoteView.swift */; };
		FD0C105A2B65376E00B3679C /* GroceryView.swift in Sources */ = {isa = PBXBuildFile; fileRef = FD0C10592B65376E00B3679C /* GroceryView.swift */; };
		FD0C105C2B65387E00B3679C /* Color+Extension.swift in Sources */ = {isa = PBXBuildFile; fileRef = FD0C105B2B65387E00B3679C /* Color+Extension.swift */; };
		FD0C105D2B65387E00B3679C /* Color+Extension.swift in Sources */ = {isa = PBXBuildFile; fileRef = FD0C105B2B65387E00B3679C /* Color+Extension.swift */; };
		FD14CA3C2B77D3B8003AA9A7 /* PedometerModel.swift in Sources */ = {isa = PBXBuildFile; fileRef = FD14CA3B2B77D3B8003AA9A7 /* PedometerModel.swift */; };
		FD14CA3D2B77D3B8003AA9A7 /* PedometerModel.swift in Sources */ = {isa = PBXBuildFile; fileRef = FD14CA3B2B77D3B8003AA9A7 /* PedometerModel.swift */; };
		FD14CA3F2B77D403003AA9A7 /* PedometerManager.swift in Sources */ = {isa = PBXBuildFile; fileRef = FD14CA3E2B77D403003AA9A7 /* PedometerManager.swift */; };
		FD14CA402B77D403003AA9A7 /* PedometerManager.swift in Sources */ = {isa = PBXBuildFile; fileRef = FD14CA3E2B77D403003AA9A7 /* PedometerManager.swift */; };
		FD14CA422B77DBFD003AA9A7 /* PedometerConstant.swift in Sources */ = {isa = PBXBuildFile; fileRef = FD14CA412B77DBFD003AA9A7 /* PedometerConstant.swift */; };
		FD14CA432B77DBFD003AA9A7 /* PedometerConstant.swift in Sources */ = {isa = PBXBuildFile; fileRef = FD14CA412B77DBFD003AA9A7 /* PedometerConstant.swift */; };
		FD14CA452B77E2B7003AA9A7 /* PedometerView.swift in Sources */ = {isa = PBXBuildFile; fileRef = FD14CA442B77E2B7003AA9A7 /* PedometerView.swift */; };
		FD14CA472B780011003AA9A7 /* PedometerWidget.swift in Sources */ = {isa = PBXBuildFile; fileRef = FD14CA462B780011003AA9A7 /* PedometerWidget.swift */; };
		FD14CA492B7802E3003AA9A7 /* PedometerWidgetView.swift in Sources */ = {isa = PBXBuildFile; fileRef = FD14CA482B7802E3003AA9A7 /* PedometerWidgetView.swift */; };
		FD14CA4B2B780317003AA9A7 /* PedometerEntry.swift in Sources */ = {isa = PBXBuildFile; fileRef = FD14CA4A2B780317003AA9A7 /* PedometerEntry.swift */; };
		FD14CA4D2B780457003AA9A7 /* PedometerTimelineProvider.swift in Sources */ = {isa = PBXBuildFile; fileRef = FD14CA4C2B780457003AA9A7 /* PedometerTimelineProvider.swift */; };
		FD160AE12B7A5D96001CEF2C /* FocusTimerAttributes.swift in Sources */ = {isa = PBXBuildFile; fileRef = FD160AE02B7A5D96001CEF2C /* FocusTimerAttributes.swift */; };
		FD160AE22B7A5D96001CEF2C /* FocusTimerAttributes.swift in Sources */ = {isa = PBXBuildFile; fileRef = FD160AE02B7A5D96001CEF2C /* FocusTimerAttributes.swift */; };
		FD160AE42B7A61D7001CEF2C /* FocusTimerEntryView.swift in Sources */ = {isa = PBXBuildFile; fileRef = FD160AE32B7A61D7001CEF2C /* FocusTimerEntryView.swift */; };
		FD160AE62B7A673E001CEF2C /* FocusTimerLiveWidget.swift in Sources */ = {isa = PBXBuildFile; fileRef = FD160AE52B7A673E001CEF2C /* FocusTimerLiveWidget.swift */; };
		FD160AE82B7AA394001CEF2C /* FocuTimerAppView.swift in Sources */ = {isa = PBXBuildFile; fileRef = FD160AE72B7AA394001CEF2C /* FocuTimerAppView.swift */; };
		FD1FBC782B6A8F2100FD0FC4 /* Country.swift in Sources */ = {isa = PBXBuildFile; fileRef = FD1FBC772B6A8F2100FD0FC4 /* Country.swift */; };
		FD1FBC7A2B6A8F2D00FD0FC4 /* ExchangeRate.swift in Sources */ = {isa = PBXBuildFile; fileRef = FD1FBC792B6A8F2D00FD0FC4 /* ExchangeRate.swift */; };
		FD20EA302B6D07F300F94D80 /* ExchangeRateServices.swift in Sources */ = {isa = PBXBuildFile; fileRef = FD20EA2F2B6D07F300F94D80 /* ExchangeRateServices.swift */; };
		FD20EA322B6D107600F94D80 /* CountryListCell.swift in Sources */ = {isa = PBXBuildFile; fileRef = FD20EA312B6D107600F94D80 /* CountryListCell.swift */; };
		FD20EA342B6D2C4300F94D80 /* CountryExchangeRateView.swift in Sources */ = {isa = PBXBuildFile; fileRef = FD20EA332B6D2C4300F94D80 /* CountryExchangeRateView.swift */; };
		FD214CCA2B6F928C0098E5C9 /* StockModel.swift in Sources */ = {isa = PBXBuildFile; fileRef = FD214CC92B6F928C0098E5C9 /* StockModel.swift */; };
		FD214CCC2B6F94BC0098E5C9 /* StockServices.swift in Sources */ = {isa = PBXBuildFile; fileRef = FD214CCB2B6F94BC0098E5C9 /* StockServices.swift */; };
		FD214CCD2B6F94BC0098E5C9 /* StockServices.swift in Sources */ = {isa = PBXBuildFile; fileRef = FD214CCB2B6F94BC0098E5C9 /* StockServices.swift */; };
		FD214CCF2B6F97A00098E5C9 /* StockView.swift in Sources */ = {isa = PBXBuildFile; fileRef = FD214CCE2B6F97A00098E5C9 /* StockView.swift */; };
		FD2E69522B602A5C009867AF /* Model.swift in Sources */ = {isa = PBXBuildFile; fileRef = FD2E69512B602A5C009867AF /* Model.swift */; };
		FD2E69542B602C68009867AF /* WeatherUtil.swift in Sources */ = {isa = PBXBuildFile; fileRef = FD2E69532B602C68009867AF /* WeatherUtil.swift */; };
		FD2E69562B602E05009867AF /* WeatherWidgetEntry.swift in Sources */ = {isa = PBXBuildFile; fileRef = FD2E69552B602E05009867AF /* WeatherWidgetEntry.swift */; };
		FD2E69582B602F5A009867AF /* WeatherMockData.swift in Sources */ = {isa = PBXBuildFile; fileRef = FD2E69572B602F5A009867AF /* WeatherMockData.swift */; };
		FD2E695A2B6030FC009867AF /* WeatherWidgetProvider.swift in Sources */ = {isa = PBXBuildFile; fileRef = FD2E69592B6030FC009867AF /* WeatherWidgetProvider.swift */; };
		FD2E695C2B60427B009867AF /* WeatherWidgetView.swift in Sources */ = {isa = PBXBuildFile; fileRef = FD2E695B2B60427B009867AF /* WeatherWidgetView.swift */; };
		FD2E695E2B6042FC009867AF /* WeatherSubview.swift in Sources */ = {isa = PBXBuildFile; fileRef = FD2E695D2B6042FC009867AF /* WeatherSubview.swift */; };
		FD2E69602B6046A8009867AF /* DailyWeatherView.swift in Sources */ = {isa = PBXBuildFile; fileRef = FD2E695F2B6046A8009867AF /* DailyWeatherView.swift */; };
		FD2E69622B604ADB009867AF /* WeatherWidgetWidget.swift in Sources */ = {isa = PBXBuildFile; fileRef = FD2E69612B604ADB009867AF /* WeatherWidgetWidget.swift */; };
		FD5E980E2B7CF8AE00CC2FE9 /* PizzaDeliveryWidget.swift in Sources */ = {isa = PBXBuildFile; fileRef = FD5E980D2B7CF8AE00CC2FE9 /* PizzaDeliveryWidget.swift */; };
		FD5E980F2B7CF90800CC2FE9 /* PizzaOrderingAttribute.swift in Sources */ = {isa = PBXBuildFile; fileRef = FDAD991F2B7B680E006CB983 /* PizzaOrderingAttribute.swift */; };
		FD5EFADA2B7171F30005694E /* TestServices.swift in Sources */ = {isa = PBXBuildFile; fileRef = FD5EFAD92B7171F30005694E /* TestServices.swift */; };
		FD82FE0A2B7BF503004EB9B1 /* PizzaOrderAppView.swift in Sources */ = {isa = PBXBuildFile; fileRef = FD82FE092B7BF503004EB9B1 /* PizzaOrderAppView.swift */; };
		FD8814092B78DCC80012581C /* FamousPlace.swift in Sources */ = {isa = PBXBuildFile; fileRef = FD8814082B78DCC80012581C /* FamousPlace.swift */; };
		FD88140B2B78F8780012581C /* FamousPlaceTimelineEntry.swift in Sources */ = {isa = PBXBuildFile; fileRef = FD88140A2B78F8780012581C /* FamousPlaceTimelineEntry.swift */; };
		FD88140D2B78F8C60012581C /* FamousPlaceWidgetView.swift in Sources */ = {isa = PBXBuildFile; fileRef = FD88140C2B78F8C60012581C /* FamousPlaceWidgetView.swift */; };
		FD88140F2B78FB200012581C /* FamousPlaceTimelineProvider.swift in Sources */ = {isa = PBXBuildFile; fileRef = FD88140E2B78FB200012581C /* FamousPlaceTimelineProvider.swift */; };
		FD8814112B7907980012581C /* FamousPlaceWidget.swift in Sources */ = {isa = PBXBuildFile; fileRef = FD8814102B7907980012581C /* FamousPlaceWidget.swift */; };
		FD948CA32B7641A0003732E5 /* StockTimelineEntry.swift in Sources */ = {isa = PBXBuildFile; fileRef = FD948CA22B7641A0003732E5 /* StockTimelineEntry.swift */; };
		FD948CA52B76453E003732E5 /* StockIntent.intentdefinition in Sources */ = {isa = PBXBuildFile; fileRef = FD948CA42B76453E003732E5 /* StockIntent.intentdefinition */; };
		FD948CAC2B76475A003732E5 /* Intents.framework in Frameworks */ = {isa = PBXBuildFile; fileRef = FD948CAB2B76475A003732E5 /* Intents.framework */; };
		FD948CAF2B76475A003732E5 /* IntentHandler.swift in Sources */ = {isa = PBXBuildFile; fileRef = FD948CAE2B76475A003732E5 /* IntentHandler.swift */; };
		FD948CB32B76475A003732E5 /* CustomStockIntentEX.appex in Embed Foundation Extensions */ = {isa = PBXBuildFile; fileRef = FD948CAA2B76475A003732E5 /* CustomStockIntentEX.appex */; settings = {ATTRIBUTES = (RemoveHeadersOnCopy, ); }; };
		FD9AFC072B618105005D133D /* WorkoutWidget.swift in Sources */ = {isa = PBXBuildFile; fileRef = FD9AFC052B617F06005D133D /* WorkoutWidget.swift */; };
		FD9AFC082B618109005D133D /* WorkoutTimelineProvider.swift in Sources */ = {isa = PBXBuildFile; fileRef = FD9AFC032B617889005D133D /* WorkoutTimelineProvider.swift */; };
		FD9AFC092B61810B005D133D /* WorkoutWidgetEntry.swift in Sources */ = {isa = PBXBuildFile; fileRef = FD9AFC002B617727005D133D /* WorkoutWidgetEntry.swift */; };
		FDA17D662B63D7C6002E9C48 /* RemindersAppConstants.swift in Sources */ = {isa = PBXBuildFile; fileRef = FDA17D652B63D7C6002E9C48 /* RemindersAppConstants.swift */; };
		FDA17D672B63D8D4002E9C48 /* RemindersAppConstants.swift in Sources */ = {isa = PBXBuildFile; fileRef = FDA17D652B63D7C6002E9C48 /* RemindersAppConstants.swift */; };
		FDA17D682B63D8ED002E9C48 /* RemindersWidgetEntry.swift in Sources */ = {isa = PBXBuildFile; fileRef = FDBC65B42B62681F00CD31B0 /* RemindersWidgetEntry.swift */; };
		FDA17D692B63D8F0002E9C48 /* RemindersWidgetTimeline.swift in Sources */ = {isa = PBXBuildFile; fileRef = FDBC65B62B62687C00CD31B0 /* RemindersWidgetTimeline.swift */; };
		FDA17D6A2B63D8F5002E9C48 /* RemindersWidgetWidget.swift in Sources */ = {isa = PBXBuildFile; fileRef = FDBC65B82B6268CE00CD31B0 /* RemindersWidgetWidget.swift */; };
		FDA17D6F2B6413AA002E9C48 /* GroceyDataModel.xcdatamodeld in Sources */ = {isa = PBXBuildFile; fileRef = FDA17D6D2B6413AA002E9C48 /* GroceyDataModel.xcdatamodeld */; };
		FDA17D702B6413AA002E9C48 /* GroceyDataModel.xcdatamodeld in Sources */ = {isa = PBXBuildFile; fileRef = FDA17D6D2B6413AA002E9C48 /* GroceyDataModel.xcdatamodeld */; };
		FDA17D722B641FC3002E9C48 /* GroceryConstants.swift in Sources */ = {isa = PBXBuildFile; fileRef = FDA17D712B641FC3002E9C48 /* GroceryConstants.swift */; };
		FDA17D732B641FC3002E9C48 /* GroceryConstants.swift in Sources */ = {isa = PBXBuildFile; fileRef = FDA17D712B641FC3002E9C48 /* GroceryConstants.swift */; };
		FDA7B7CC2B6691ED00CA6EAD /* CoreDataManager.swift in Sources */ = {isa = PBXBuildFile; fileRef = FDA7B7CB2B6691ED00CA6EAD /* CoreDataManager.swift */; };
		FDA7B7CD2B66920200CA6EAD /* CoreDataManager.swift in Sources */ = {isa = PBXBuildFile; fileRef = FDA7B7CB2B6691ED00CA6EAD /* CoreDataManager.swift */; };
		FDA7B7D02B669DCB00CA6EAD /* Logger.swift in Sources */ = {isa = PBXBuildFile; fileRef = FDA7B7CF2B669DCB00CA6EAD /* Logger.swift */; };
		FDA7B7D22B66D97700CA6EAD /* GroceyEntry.swift in Sources */ = {isa = PBXBuildFile; fileRef = FDA7B7D12B66D97700CA6EAD /* GroceyEntry.swift */; };
		FDA7B7D42B66D9B200CA6EAD /* GroceryTimeline.swift in Sources */ = {isa = PBXBuildFile; fileRef = FDA7B7D32B66D9B200CA6EAD /* GroceryTimeline.swift */; };
		FDA7B7D62B66DA4800CA6EAD /* GroceryWidgetView.swift in Sources */ = {isa = PBXBuildFile; fileRef = FDA7B7D52B66DA4800CA6EAD /* GroceryWidgetView.swift */; };
		FDA7B7D72B66DF0F00CA6EAD /* Logger.swift in Sources */ = {isa = PBXBuildFile; fileRef = FDA7B7CF2B669DCB00CA6EAD /* Logger.swift */; };
		FDA7B7D92B66DF8000CA6EAD /* GroceryWidget.swift in Sources */ = {isa = PBXBuildFile; fileRef = FDA7B7D82B66DF8000CA6EAD /* GroceryWidget.swift */; };
		FDA80AB12B57EE1200372627 /* WidgetKitsTestApp.swift in Sources */ = {isa = PBXBuildFile; fileRef = FDA80AB02B57EE1200372627 /* WidgetKitsTestApp.swift */; };
		FDA80AB32B57EE1200372627 /* ContentView.swift in Sources */ = {isa = PBXBuildFile; fileRef = FDA80AB22B57EE1200372627 /* ContentView.swift */; };
		FDA80AB52B57EE1300372627 /* Assets.xcassets in Resources */ = {isa = PBXBuildFile; fileRef = FDA80AB42B57EE1300372627 /* Assets.xcassets */; };
		FDA80AB82B57EE1300372627 /* Preview Assets.xcassets in Resources */ = {isa = PBXBuildFile; fileRef = FDA80AB72B57EE1300372627 /* Preview Assets.xcassets */; };
		FDA80AC52B57EE7F00372627 /* WidgetKit.framework in Frameworks */ = {isa = PBXBuildFile; fileRef = FDA80AC42B57EE7F00372627 /* WidgetKit.framework */; };
		FDA80AC72B57EE7F00372627 /* SwiftUI.framework in Frameworks */ = {isa = PBXBuildFile; fileRef = FDA80AC62B57EE7F00372627 /* SwiftUI.framework */; };
		FDA80ACA2B57EE7F00372627 /* SimpleStaticWidgetBundle.swift in Sources */ = {isa = PBXBuildFile; fileRef = FDA80AC92B57EE7F00372627 /* SimpleStaticWidgetBundle.swift */; };
		FDA80ACC2B57EE7F00372627 /* SimpleStaticWidget.swift in Sources */ = {isa = PBXBuildFile; fileRef = FDA80ACB2B57EE7F00372627 /* SimpleStaticWidget.swift */; };
		FDA80ACE2B57EE8100372627 /* Assets.xcassets in Resources */ = {isa = PBXBuildFile; fileRef = FDA80ACD2B57EE8100372627 /* Assets.xcassets */; };
		FDA80AD22B57EE8100372627 /* SimpleStaticWidgetExtension.appex in Embed Foundation Extensions */ = {isa = PBXBuildFile; fileRef = FDA80AC22B57EE7F00372627 /* SimpleStaticWidgetExtension.appex */; settings = {ATTRIBUTES = (RemoveHeadersOnCopy, ); }; };
		FDA80AD92B57EF4200372627 /* HelloStaticWidgetEntry.swift in Sources */ = {isa = PBXBuildFile; fileRef = FDA80AD82B57EF4200372627 /* HelloStaticWidgetEntry.swift */; };
		FDA80ADB2B57F05B00372627 /* HelloStaticWidgetView.swift in Sources */ = {isa = PBXBuildFile; fileRef = FDA80ADA2B57F05B00372627 /* HelloStaticWidgetView.swift */; };
		FDA80ADF2B58343D00372627 /* HelloStaticWidgetTimeLineProvider.swift in Sources */ = {isa = PBXBuildFile; fileRef = FDA80ADE2B58343D00372627 /* HelloStaticWidgetTimeLineProvider.swift */; };
		FDA80AE12B58396200372627 /* HelloStaticWidgetWidget.swift in Sources */ = {isa = PBXBuildFile; fileRef = FDA80AE02B58396200372627 /* HelloStaticWidgetWidget.swift */; };
		FDA80AE42B5841C600372627 /* TodayInfoTimeLineEntry.swift in Sources */ = {isa = PBXBuildFile; fileRef = FDA80AE32B5841C600372627 /* TodayInfoTimeLineEntry.swift */; };
		FDA80AE62B58421D00372627 /* TodayInfoTimeLineProvider.swift in Sources */ = {isa = PBXBuildFile; fileRef = FDA80AE52B58421D00372627 /* TodayInfoTimeLineProvider.swift */; };
		FDA80AE82B584D7A00372627 /* TodayInfoView.swift in Sources */ = {isa = PBXBuildFile; fileRef = FDA80AE72B584D7A00372627 /* TodayInfoView.swift */; };
		FDA80AEA2B584EF000372627 /* TodayInfoWidget.swift in Sources */ = {isa = PBXBuildFile; fileRef = FDA80AE92B584EF000372627 /* TodayInfoWidget.swift */; };
		FDA8DB812B76620F001FB3FE /* StockIntent.intentdefinition in Sources */ = {isa = PBXBuildFile; fileRef = FD948CA42B76453E003732E5 /* StockIntent.intentdefinition */; };
		FDA8DB822B766210001FB3FE /* StockIntent.intentdefinition in Sources */ = {isa = PBXBuildFile; fileRef = FD948CA42B76453E003732E5 /* StockIntent.intentdefinition */; };
		FDA8DB842B7669F7001FB3FE /* StockTimelineProvider.swift in Sources */ = {isa = PBXBuildFile; fileRef = FDA8DB832B7669F7001FB3FE /* StockTimelineProvider.swift */; };
		FDA8DB862B766C2B001FB3FE /* StockWidgetView.swift in Sources */ = {isa = PBXBuildFile; fileRef = FDA8DB852B766C2B001FB3FE /* StockWidgetView.swift */; };
		FDA8DB882B7671D4001FB3FE /* StockWidget.swift in Sources */ = {isa = PBXBuildFile; fileRef = FDA8DB872B7671D4001FB3FE /* StockWidget.swift */; };
		FDAD99202B7B680E006CB983 /* PizzaOrderingAttribute.swift in Sources */ = {isa = PBXBuildFile; fileRef = FDAD991F2B7B680E006CB983 /* PizzaOrderingAttribute.swift */; };
		FDAD99222B7B7696006CB983 /* PizzaType.swift in Sources */ = {isa = PBXBuildFile; fileRef = FDAD99212B7B7696006CB983 /* PizzaType.swift */; };
		FDB35A1F2B5BB44200CF24E2 /* QuoteModel.swift in Sources */ = {isa = PBXBuildFile; fileRef = FD03D4D82B5A9C3400728B28 /* QuoteModel.swift */; };
		FDB35A202B5BB44700CF24E2 /* QuoteServices.swift in Sources */ = {isa = PBXBuildFile; fileRef = FD03D4DA2B5A9C4400728B28 /* QuoteServices.swift */; };
		FDB35A212B5BB44A00CF24E2 /* QuoteTimelineProvider.swift in Sources */ = {isa = PBXBuildFile; fileRef = FD03D4DC2B5AB3A700728B28 /* QuoteTimelineProvider.swift */; };
		FDB35A222B5BB44D00CF24E2 /* QuotesTimelineEntry.swift in Sources */ = {isa = PBXBuildFile; fileRef = FD03D4D62B5A9C0100728B28 /* QuotesTimelineEntry.swift */; };
		FDB35A242B5BD4CE00CF24E2 /* QuoteWidget.swift in Sources */ = {isa = PBXBuildFile; fileRef = FDB35A232B5BD4CE00CF24E2 /* QuoteWidget.swift */; };
		FDB35A272B5BE12500CF24E2 /* Services.swift in Sources */ = {isa = PBXBuildFile; fileRef = FDB35A262B5BE12500CF24E2 /* Services.swift */; };
		FDB35A292B5C268800CF24E2 /* NetworkImageView.swift in Sources */ = {isa = PBXBuildFile; fileRef = FDB35A282B5C268800CF24E2 /* NetworkImageView.swift */; };
		FDBC65B32B62646900CD31B0 /* RemindersWidgetView.swift in Sources */ = {isa = PBXBuildFile; fileRef = FDBC65B12B62645F00CD31B0 /* RemindersWidgetView.swift */; };
		FDBC65BC2B62A19600CD31B0 /* ReminderModel.swift in Sources */ = {isa = PBXBuildFile; fileRef = FDBC65BB2B62A19600CD31B0 /* ReminderModel.swift */; };
		FDBC65BF2B62A26500CD31B0 /* RemindersView.swift in Sources */ = {isa = PBXBuildFile; fileRef = FDBC65BE2B62A26500CD31B0 /* RemindersView.swift */; };
		FDBFA5ED2B6EA6600016A24B /* ExchangeRateWidgetEntry.swift in Sources */ = {isa = PBXBuildFile; fileRef = FDBFA5EC2B6EA6600016A24B /* ExchangeRateWidgetEntry.swift */; };
		FDBFA5EF2B6EA6730016A24B /* ExchangeRateWidgetTimeline.swift in Sources */ = {isa = PBXBuildFile; fileRef = FDBFA5EE2B6EA6730016A24B /* ExchangeRateWidgetTimeline.swift */; };
		FDBFA5F12B6EA6840016A24B /* ExchangeRateWidget.swift in Sources */ = {isa = PBXBuildFile; fileRef = FDBFA5F02B6EA6840016A24B /* ExchangeRateWidget.swift */; };
		FDBFA5F32B6EA69F0016A24B /* ExchangeRateWidgetView.swift in Sources */ = {isa = PBXBuildFile; fileRef = FDBFA5F22B6EA69F0016A24B /* ExchangeRateWidgetView.swift */; };
		FDBFA5F42B6EA6B90016A24B /* Country.swift in Sources */ = {isa = PBXBuildFile; fileRef = FD1FBC772B6A8F2100FD0FC4 /* Country.swift */; };
		FDBFA5F52B6EA6BD0016A24B /* ExchangeRate.swift in Sources */ = {isa = PBXBuildFile; fileRef = FD1FBC792B6A8F2D00FD0FC4 /* ExchangeRate.swift */; };
		FDBFA5F62B6EA6CB0016A24B /* ExchangeRateServices.swift in Sources */ = {isa = PBXBuildFile; fileRef = FD20EA2F2B6D07F300F94D80 /* ExchangeRateServices.swift */; };
		FDBFA5F82B6EB83D0016A24B /* ExchangeRateAppView.swift in Sources */ = {isa = PBXBuildFile; fileRef = FDBFA5F72B6EB83D0016A24B /* ExchangeRateAppView.swift */; };
		FDBFA5F92B6EBAFF0016A24B /* CountryListCell.swift in Sources */ = {isa = PBXBuildFile; fileRef = FD20EA312B6D107600F94D80 /* CountryListCell.swift */; };
		FDC86ABC2B67FFBF00F5F2D3 /* SelectionColorIntents.intentdefinition in Sources */ = {isa = PBXBuildFile; fileRef = FDC86ABB2B67FFBF00F5F2D3 /* SelectionColorIntents.intentdefinition */; };
		FDC86ABE2B6803F700F5F2D3 /* ColorWidgetView.swift in Sources */ = {isa = PBXBuildFile; fileRef = FDC86ABD2B6803F700F5F2D3 /* ColorWidgetView.swift */; };
		FDC86AC02B68041300F5F2D3 /* ColorWidgetEntry.swift in Sources */ = {isa = PBXBuildFile; fileRef = FDC86ABF2B68041300F5F2D3 /* ColorWidgetEntry.swift */; };
		FDC86AC22B68048800F5F2D3 /* ColorWidgetTimelineProvider.swift in Sources */ = {isa = PBXBuildFile; fileRef = FDC86AC12B68048800F5F2D3 /* ColorWidgetTimelineProvider.swift */; };
		FDC86AC42B68080A00F5F2D3 /* ColorWidgetWidget.swift in Sources */ = {isa = PBXBuildFile; fileRef = FDC86AC32B68080A00F5F2D3 /* ColorWidgetWidget.swift */; };
		FDC86AC72B68175000F5F2D3 /* Expense.intentdefinition in Sources */ = {isa = PBXBuildFile; fileRef = FDC86AC62B68175000F5F2D3 /* Expense.intentdefinition */; };
		FDC86AC92B6817E700F5F2D3 /* ExpenseCategory.swift in Sources */ = {isa = PBXBuildFile; fileRef = FDC86AC82B6817E700F5F2D3 /* ExpenseCategory.swift */; };
		FDC86ACB2B6827B700F5F2D3 /* ExpenseWidgetEntry.swift in Sources */ = {isa = PBXBuildFile; fileRef = FDC86ACA2B6827B700F5F2D3 /* ExpenseWidgetEntry.swift */; };
		FDC86ACD2B68324E00F5F2D3 /* ExpenseWidgetView.swift in Sources */ = {isa = PBXBuildFile; fileRef = FDC86ACC2B68324E00F5F2D3 /* ExpenseWidgetView.swift */; };
		FDC86ACF2B68326600F5F2D3 /* ExpenseWidgetTimelineProvider.swift in Sources */ = {isa = PBXBuildFile; fileRef = FDC86ACE2B68326600F5F2D3 /* ExpenseWidgetTimelineProvider.swift */; };
		FDC86AD12B68327400F5F2D3 /* ExpenseWidget.swift in Sources */ = {isa = PBXBuildFile; fileRef = FDC86AD02B68327400F5F2D3 /* ExpenseWidget.swift */; };
		FDC86AD52B68342A00F5F2D3 /* ExpenseItemView.swift in Sources */ = {isa = PBXBuildFile; fileRef = FDC86AD32B68329100F5F2D3 /* ExpenseItemView.swift */; };
		FDD64DFF2B61433C00EAE354 /* WorkoutModel.swift in Sources */ = {isa = PBXBuildFile; fileRef = FDD64DFE2B61433C00EAE354 /* WorkoutModel.swift */; };
		FDD64E012B61476800EAE354 /* WorkoutView.swift in Sources */ = {isa = PBXBuildFile; fileRef = FDD64E002B61476800EAE354 /* WorkoutView.swift */; };
		FDD64E022B61476800EAE354 /* WorkoutView.swift in Sources */ = {isa = PBXBuildFile; fileRef = FDD64E002B61476800EAE354 /* WorkoutView.swift */; };
		FDD64E032B6148CC00EAE354 /* WorkoutModel.swift in Sources */ = {isa = PBXBuildFile; fileRef = FDD64DFE2B61433C00EAE354 /* WorkoutModel.swift */; };
		FDF65A702B7024A900D74F0D /* StockModel.swift in Sources */ = {isa = PBXBuildFile; fileRef = FD214CC92B6F928C0098E5C9 /* StockModel.swift */; };
/* End PBXBuildFile section */

/* Begin PBXContainerItemProxy section */
		FD948CB12B76475A003732E5 /* PBXContainerItemProxy */ = {
			isa = PBXContainerItemProxy;
			containerPortal = FDA80AA52B57EE1200372627 /* Project object */;
			proxyType = 1;
			remoteGlobalIDString = FD948CA92B76475A003732E5;
			remoteInfo = CustomStockIntentEX;
		};
		FDA80AD02B57EE8100372627 /* PBXContainerItemProxy */ = {
			isa = PBXContainerItemProxy;
			containerPortal = FDA80AA52B57EE1200372627 /* Project object */;
			proxyType = 1;
			remoteGlobalIDString = FDA80AC12B57EE7F00372627;
			remoteInfo = SimpleStaticWidgetExtension;
		};
/* End PBXContainerItemProxy section */

/* Begin PBXCopyFilesBuildPhase section */
		FDA80AD62B57EE8100372627 /* Embed Foundation Extensions */ = {
			isa = PBXCopyFilesBuildPhase;
			buildActionMask = 2147483647;
			dstPath = "";
			dstSubfolderSpec = 13;
			files = (
				FDA80AD22B57EE8100372627 /* SimpleStaticWidgetExtension.appex in Embed Foundation Extensions */,
				FD948CB32B76475A003732E5 /* CustomStockIntentEX.appex in Embed Foundation Extensions */,
			);
			name = "Embed Foundation Extensions";
			runOnlyForDeploymentPostprocessing = 0;
		};
/* End PBXCopyFilesBuildPhase section */

/* Begin PBXFileReference section */
		FD03D4D62B5A9C0100728B28 /* QuotesTimelineEntry.swift */ = {isa = PBXFileReference; lastKnownFileType = sourcecode.swift; path = QuotesTimelineEntry.swift; sourceTree = "<group>"; };
		FD03D4D82B5A9C3400728B28 /* QuoteModel.swift */ = {isa = PBXFileReference; lastKnownFileType = sourcecode.swift; path = QuoteModel.swift; sourceTree = "<group>"; };
		FD03D4DA2B5A9C4400728B28 /* QuoteServices.swift */ = {isa = PBXFileReference; lastKnownFileType = sourcecode.swift; path = QuoteServices.swift; sourceTree = "<group>"; };
		FD03D4DC2B5AB3A700728B28 /* QuoteTimelineProvider.swift */ = {isa = PBXFileReference; lastKnownFileType = sourcecode.swift; path = QuoteTimelineProvider.swift; sourceTree = "<group>"; };
		FD03D4DE2B5AB6AA00728B28 /* QuoteView.swift */ = {isa = PBXFileReference; lastKnownFileType = sourcecode.swift; path = QuoteView.swift; sourceTree = "<group>"; };
		FD0C10592B65376E00B3679C /* GroceryView.swift */ = {isa = PBXFileReference; lastKnownFileType = sourcecode.swift; path = GroceryView.swift; sourceTree = "<group>"; };
		FD0C105B2B65387E00B3679C /* Color+Extension.swift */ = {isa = PBXFileReference; lastKnownFileType = sourcecode.swift; path = "Color+Extension.swift"; sourceTree = "<group>"; };
		FD14CA3B2B77D3B8003AA9A7 /* PedometerModel.swift */ = {isa = PBXFileReference; lastKnownFileType = sourcecode.swift; path = PedometerModel.swift; sourceTree = "<group>"; };
		FD14CA3E2B77D403003AA9A7 /* PedometerManager.swift */ = {isa = PBXFileReference; lastKnownFileType = sourcecode.swift; path = PedometerManager.swift; sourceTree = "<group>"; };
		FD14CA412B77DBFD003AA9A7 /* PedometerConstant.swift */ = {isa = PBXFileReference; lastKnownFileType = sourcecode.swift; path = PedometerConstant.swift; sourceTree = "<group>"; };
		FD14CA442B77E2B7003AA9A7 /* PedometerView.swift */ = {isa = PBXFileReference; lastKnownFileType = sourcecode.swift; path = PedometerView.swift; sourceTree = "<group>"; };
		FD14CA462B780011003AA9A7 /* PedometerWidget.swift */ = {isa = PBXFileReference; lastKnownFileType = sourcecode.swift; path = PedometerWidget.swift; sourceTree = "<group>"; };
		FD14CA482B7802E3003AA9A7 /* PedometerWidgetView.swift */ = {isa = PBXFileReference; lastKnownFileType = sourcecode.swift; path = PedometerWidgetView.swift; sourceTree = "<group>"; };
		FD14CA4A2B780317003AA9A7 /* PedometerEntry.swift */ = {isa = PBXFileReference; lastKnownFileType = sourcecode.swift; path = PedometerEntry.swift; sourceTree = "<group>"; };
		FD14CA4C2B780457003AA9A7 /* PedometerTimelineProvider.swift */ = {isa = PBXFileReference; lastKnownFileType = sourcecode.swift; path = PedometerTimelineProvider.swift; sourceTree = "<group>"; };
		FD160AE02B7A5D96001CEF2C /* FocusTimerAttributes.swift */ = {isa = PBXFileReference; lastKnownFileType = sourcecode.swift; path = FocusTimerAttributes.swift; sourceTree = "<group>"; };
		FD160AE32B7A61D7001CEF2C /* FocusTimerEntryView.swift */ = {isa = PBXFileReference; lastKnownFileType = sourcecode.swift; path = FocusTimerEntryView.swift; sourceTree = "<group>"; };
		FD160AE52B7A673E001CEF2C /* FocusTimerLiveWidget.swift */ = {isa = PBXFileReference; lastKnownFileType = sourcecode.swift; path = FocusTimerLiveWidget.swift; sourceTree = "<group>"; };
		FD160AE72B7AA394001CEF2C /* FocuTimerAppView.swift */ = {isa = PBXFileReference; lastKnownFileType = sourcecode.swift; path = FocuTimerAppView.swift; sourceTree = "<group>"; };
		FD160AE92B7AAE78001CEF2C /* Info.plist */ = {isa = PBXFileReference; lastKnownFileType = text.plist; path = Info.plist; sourceTree = "<group>"; };
		FD1FBC772B6A8F2100FD0FC4 /* Country.swift */ = {isa = PBXFileReference; lastKnownFileType = sourcecode.swift; path = Country.swift; sourceTree = "<group>"; };
		FD1FBC792B6A8F2D00FD0FC4 /* ExchangeRate.swift */ = {isa = PBXFileReference; lastKnownFileType = sourcecode.swift; path = ExchangeRate.swift; sourceTree = "<group>"; };
		FD20EA2F2B6D07F300F94D80 /* ExchangeRateServices.swift */ = {isa = PBXFileReference; lastKnownFileType = sourcecode.swift; path = ExchangeRateServices.swift; sourceTree = "<group>"; };
		FD20EA312B6D107600F94D80 /* CountryListCell.swift */ = {isa = PBXFileReference; lastKnownFileType = sourcecode.swift; path = CountryListCell.swift; sourceTree = "<group>"; };
		FD20EA332B6D2C4300F94D80 /* CountryExchangeRateView.swift */ = {isa = PBXFileReference; lastKnownFileType = sourcecode.swift; path = CountryExchangeRateView.swift; sourceTree = "<group>"; };
		FD214CC92B6F928C0098E5C9 /* StockModel.swift */ = {isa = PBXFileReference; lastKnownFileType = sourcecode.swift; path = StockModel.swift; sourceTree = "<group>"; };
		FD214CCB2B6F94BC0098E5C9 /* StockServices.swift */ = {isa = PBXFileReference; lastKnownFileType = sourcecode.swift; path = StockServices.swift; sourceTree = "<group>"; };
		FD214CCE2B6F97A00098E5C9 /* StockView.swift */ = {isa = PBXFileReference; lastKnownFileType = sourcecode.swift; path = StockView.swift; sourceTree = "<group>"; };
		FD2E69512B602A5C009867AF /* Model.swift */ = {isa = PBXFileReference; lastKnownFileType = sourcecode.swift; path = Model.swift; sourceTree = "<group>"; };
		FD2E69532B602C68009867AF /* WeatherUtil.swift */ = {isa = PBXFileReference; lastKnownFileType = sourcecode.swift; path = WeatherUtil.swift; sourceTree = "<group>"; };
		FD2E69552B602E05009867AF /* WeatherWidgetEntry.swift */ = {isa = PBXFileReference; lastKnownFileType = sourcecode.swift; path = WeatherWidgetEntry.swift; sourceTree = "<group>"; };
		FD2E69572B602F5A009867AF /* WeatherMockData.swift */ = {isa = PBXFileReference; lastKnownFileType = sourcecode.swift; path = WeatherMockData.swift; sourceTree = "<group>"; };
		FD2E69592B6030FC009867AF /* WeatherWidgetProvider.swift */ = {isa = PBXFileReference; lastKnownFileType = sourcecode.swift; path = WeatherWidgetProvider.swift; sourceTree = "<group>"; };
		FD2E695B2B60427B009867AF /* WeatherWidgetView.swift */ = {isa = PBXFileReference; lastKnownFileType = sourcecode.swift; path = WeatherWidgetView.swift; sourceTree = "<group>"; };
		FD2E695D2B6042FC009867AF /* WeatherSubview.swift */ = {isa = PBXFileReference; lastKnownFileType = sourcecode.swift; path = WeatherSubview.swift; sourceTree = "<group>"; };
		FD2E695F2B6046A8009867AF /* DailyWeatherView.swift */ = {isa = PBXFileReference; lastKnownFileType = sourcecode.swift; path = DailyWeatherView.swift; sourceTree = "<group>"; };
		FD2E69612B604ADB009867AF /* WeatherWidgetWidget.swift */ = {isa = PBXFileReference; lastKnownFileType = sourcecode.swift; path = WeatherWidgetWidget.swift; sourceTree = "<group>"; };
		FD5E980D2B7CF8AE00CC2FE9 /* PizzaDeliveryWidget.swift */ = {isa = PBXFileReference; lastKnownFileType = sourcecode.swift; path = PizzaDeliveryWidget.swift; sourceTree = "<group>"; };
		FD5EFAD92B7171F30005694E /* TestServices.swift */ = {isa = PBXFileReference; lastKnownFileType = sourcecode.swift; path = TestServices.swift; sourceTree = "<group>"; };
		FD82FE092B7BF503004EB9B1 /* PizzaOrderAppView.swift */ = {isa = PBXFileReference; lastKnownFileType = sourcecode.swift; path = PizzaOrderAppView.swift; sourceTree = "<group>"; };
		FD8814082B78DCC80012581C /* FamousPlace.swift */ = {isa = PBXFileReference; lastKnownFileType = sourcecode.swift; path = FamousPlace.swift; sourceTree = "<group>"; };
		FD88140A2B78F8780012581C /* FamousPlaceTimelineEntry.swift */ = {isa = PBXFileReference; lastKnownFileType = sourcecode.swift; path = FamousPlaceTimelineEntry.swift; sourceTree = "<group>"; };
		FD88140C2B78F8C60012581C /* FamousPlaceWidgetView.swift */ = {isa = PBXFileReference; lastKnownFileType = sourcecode.swift; path = FamousPlaceWidgetView.swift; sourceTree = "<group>"; };
		FD88140E2B78FB200012581C /* FamousPlaceTimelineProvider.swift */ = {isa = PBXFileReference; lastKnownFileType = sourcecode.swift; path = FamousPlaceTimelineProvider.swift; sourceTree = "<group>"; };
		FD8814102B7907980012581C /* FamousPlaceWidget.swift */ = {isa = PBXFileReference; lastKnownFileType = sourcecode.swift; path = FamousPlaceWidget.swift; sourceTree = "<group>"; };
		FD948CA22B7641A0003732E5 /* StockTimelineEntry.swift */ = {isa = PBXFileReference; lastKnownFileType = sourcecode.swift; path = StockTimelineEntry.swift; sourceTree = "<group>"; };
		FD948CA42B76453E003732E5 /* StockIntent.intentdefinition */ = {isa = PBXFileReference; lastKnownFileType = file.intentdefinition; path = StockIntent.intentdefinition; sourceTree = "<group>"; };
		FD948CAA2B76475A003732E5 /* CustomStockIntentEX.appex */ = {isa = PBXFileReference; explicitFileType = "wrapper.app-extension"; includeInIndex = 0; path = CustomStockIntentEX.appex; sourceTree = BUILT_PRODUCTS_DIR; };
		FD948CAB2B76475A003732E5 /* Intents.framework */ = {isa = PBXFileReference; lastKnownFileType = wrapper.framework; name = Intents.framework; path = System/Library/Frameworks/Intents.framework; sourceTree = SDKROOT; };
		FD948CAE2B76475A003732E5 /* IntentHandler.swift */ = {isa = PBXFileReference; lastKnownFileType = sourcecode.swift; path = IntentHandler.swift; sourceTree = "<group>"; };
		FD948CB02B76475A003732E5 /* Info.plist */ = {isa = PBXFileReference; lastKnownFileType = text.plist.xml; path = Info.plist; sourceTree = "<group>"; };
		FD9AFC002B617727005D133D /* WorkoutWidgetEntry.swift */ = {isa = PBXFileReference; lastKnownFileType = sourcecode.swift; path = WorkoutWidgetEntry.swift; sourceTree = "<group>"; };
		FD9AFC032B617889005D133D /* WorkoutTimelineProvider.swift */ = {isa = PBXFileReference; lastKnownFileType = sourcecode.swift; path = WorkoutTimelineProvider.swift; sourceTree = "<group>"; };
		FD9AFC052B617F06005D133D /* WorkoutWidget.swift */ = {isa = PBXFileReference; lastKnownFileType = sourcecode.swift; path = WorkoutWidget.swift; sourceTree = "<group>"; };
		FDA17D652B63D7C6002E9C48 /* RemindersAppConstants.swift */ = {isa = PBXFileReference; lastKnownFileType = sourcecode.swift; path = RemindersAppConstants.swift; sourceTree = "<group>"; };
		FDA17D6E2B6413AA002E9C48 /* GroceyDataModel.xcdatamodel */ = {isa = PBXFileReference; lastKnownFileType = wrapper.xcdatamodel; path = GroceyDataModel.xcdatamodel; sourceTree = "<group>"; };
		FDA17D712B641FC3002E9C48 /* GroceryConstants.swift */ = {isa = PBXFileReference; lastKnownFileType = sourcecode.swift; path = GroceryConstants.swift; sourceTree = "<group>"; };
		FDA7B7CB2B6691ED00CA6EAD /* CoreDataManager.swift */ = {isa = PBXFileReference; lastKnownFileType = sourcecode.swift; path = CoreDataManager.swift; sourceTree = "<group>"; };
		FDA7B7CF2B669DCB00CA6EAD /* Logger.swift */ = {isa = PBXFileReference; lastKnownFileType = sourcecode.swift; path = Logger.swift; sourceTree = "<group>"; };
		FDA7B7D12B66D97700CA6EAD /* GroceyEntry.swift */ = {isa = PBXFileReference; lastKnownFileType = sourcecode.swift; path = GroceyEntry.swift; sourceTree = "<group>"; };
		FDA7B7D32B66D9B200CA6EAD /* GroceryTimeline.swift */ = {isa = PBXFileReference; lastKnownFileType = sourcecode.swift; path = GroceryTimeline.swift; sourceTree = "<group>"; };
		FDA7B7D52B66DA4800CA6EAD /* GroceryWidgetView.swift */ = {isa = PBXFileReference; lastKnownFileType = sourcecode.swift; path = GroceryWidgetView.swift; sourceTree = "<group>"; };
		FDA7B7D82B66DF8000CA6EAD /* GroceryWidget.swift */ = {isa = PBXFileReference; lastKnownFileType = sourcecode.swift; path = GroceryWidget.swift; sourceTree = "<group>"; };
		FDA80AAD2B57EE1200372627 /* WidgetKitsTest.app */ = {isa = PBXFileReference; explicitFileType = wrapper.application; includeInIndex = 0; path = WidgetKitsTest.app; sourceTree = BUILT_PRODUCTS_DIR; };
		FDA80AB02B57EE1200372627 /* WidgetKitsTestApp.swift */ = {isa = PBXFileReference; lastKnownFileType = sourcecode.swift; path = WidgetKitsTestApp.swift; sourceTree = "<group>"; };
		FDA80AB22B57EE1200372627 /* ContentView.swift */ = {isa = PBXFileReference; lastKnownFileType = sourcecode.swift; path = ContentView.swift; sourceTree = "<group>"; };
		FDA80AB42B57EE1300372627 /* Assets.xcassets */ = {isa = PBXFileReference; lastKnownFileType = folder.assetcatalog; path = Assets.xcassets; sourceTree = "<group>"; };
		FDA80AB72B57EE1300372627 /* Preview Assets.xcassets */ = {isa = PBXFileReference; lastKnownFileType = folder.assetcatalog; path = "Preview Assets.xcassets"; sourceTree = "<group>"; };
		FDA80AC22B57EE7F00372627 /* SimpleStaticWidgetExtension.appex */ = {isa = PBXFileReference; explicitFileType = "wrapper.app-extension"; includeInIndex = 0; path = SimpleStaticWidgetExtension.appex; sourceTree = BUILT_PRODUCTS_DIR; };
		FDA80AC42B57EE7F00372627 /* WidgetKit.framework */ = {isa = PBXFileReference; lastKnownFileType = wrapper.framework; name = WidgetKit.framework; path = System/Library/Frameworks/WidgetKit.framework; sourceTree = SDKROOT; };
		FDA80AC62B57EE7F00372627 /* SwiftUI.framework */ = {isa = PBXFileReference; lastKnownFileType = wrapper.framework; name = SwiftUI.framework; path = System/Library/Frameworks/SwiftUI.framework; sourceTree = SDKROOT; };
		FDA80AC92B57EE7F00372627 /* SimpleStaticWidgetBundle.swift */ = {isa = PBXFileReference; lastKnownFileType = sourcecode.swift; path = SimpleStaticWidgetBundle.swift; sourceTree = "<group>"; };
		FDA80ACB2B57EE7F00372627 /* SimpleStaticWidget.swift */ = {isa = PBXFileReference; lastKnownFileType = sourcecode.swift; path = SimpleStaticWidget.swift; sourceTree = "<group>"; };
		FDA80ACD2B57EE8100372627 /* Assets.xcassets */ = {isa = PBXFileReference; lastKnownFileType = folder.assetcatalog; path = Assets.xcassets; sourceTree = "<group>"; };
		FDA80ACF2B57EE8100372627 /* Info.plist */ = {isa = PBXFileReference; lastKnownFileType = text.plist.xml; path = Info.plist; sourceTree = "<group>"; };
		FDA80AD82B57EF4200372627 /* HelloStaticWidgetEntry.swift */ = {isa = PBXFileReference; lastKnownFileType = sourcecode.swift; path = HelloStaticWidgetEntry.swift; sourceTree = "<group>"; };
		FDA80ADA2B57F05B00372627 /* HelloStaticWidgetView.swift */ = {isa = PBXFileReference; lastKnownFileType = sourcecode.swift; path = HelloStaticWidgetView.swift; sourceTree = "<group>"; };
		FDA80ADE2B58343D00372627 /* HelloStaticWidgetTimeLineProvider.swift */ = {isa = PBXFileReference; lastKnownFileType = sourcecode.swift; path = HelloStaticWidgetTimeLineProvider.swift; sourceTree = "<group>"; };
		FDA80AE02B58396200372627 /* HelloStaticWidgetWidget.swift */ = {isa = PBXFileReference; lastKnownFileType = sourcecode.swift; path = HelloStaticWidgetWidget.swift; sourceTree = "<group>"; };
		FDA80AE32B5841C600372627 /* TodayInfoTimeLineEntry.swift */ = {isa = PBXFileReference; lastKnownFileType = sourcecode.swift; path = TodayInfoTimeLineEntry.swift; sourceTree = "<group>"; };
		FDA80AE52B58421D00372627 /* TodayInfoTimeLineProvider.swift */ = {isa = PBXFileReference; lastKnownFileType = sourcecode.swift; path = TodayInfoTimeLineProvider.swift; sourceTree = "<group>"; };
		FDA80AE72B584D7A00372627 /* TodayInfoView.swift */ = {isa = PBXFileReference; lastKnownFileType = sourcecode.swift; path = TodayInfoView.swift; sourceTree = "<group>"; };
		FDA80AE92B584EF000372627 /* TodayInfoWidget.swift */ = {isa = PBXFileReference; lastKnownFileType = sourcecode.swift; path = TodayInfoWidget.swift; sourceTree = "<group>"; };
		FDA8DB832B7669F7001FB3FE /* StockTimelineProvider.swift */ = {isa = PBXFileReference; lastKnownFileType = sourcecode.swift; path = StockTimelineProvider.swift; sourceTree = "<group>"; };
		FDA8DB852B766C2B001FB3FE /* StockWidgetView.swift */ = {isa = PBXFileReference; lastKnownFileType = sourcecode.swift; path = StockWidgetView.swift; sourceTree = "<group>"; };
		FDA8DB872B7671D4001FB3FE /* StockWidget.swift */ = {isa = PBXFileReference; lastKnownFileType = sourcecode.swift; path = StockWidget.swift; sourceTree = "<group>"; };
		FDAD991F2B7B680E006CB983 /* PizzaOrderingAttribute.swift */ = {isa = PBXFileReference; lastKnownFileType = sourcecode.swift; path = PizzaOrderingAttribute.swift; sourceTree = "<group>"; };
		FDAD99212B7B7696006CB983 /* PizzaType.swift */ = {isa = PBXFileReference; lastKnownFileType = sourcecode.swift; path = PizzaType.swift; sourceTree = "<group>"; };
		FDB35A232B5BD4CE00CF24E2 /* QuoteWidget.swift */ = {isa = PBXFileReference; lastKnownFileType = sourcecode.swift; path = QuoteWidget.swift; sourceTree = "<group>"; };
		FDB35A262B5BE12500CF24E2 /* Services.swift */ = {isa = PBXFileReference; lastKnownFileType = sourcecode.swift; path = Services.swift; sourceTree = "<group>"; };
		FDB35A282B5C268800CF24E2 /* NetworkImageView.swift */ = {isa = PBXFileReference; lastKnownFileType = sourcecode.swift; path = NetworkImageView.swift; sourceTree = "<group>"; };
		FDBC65AE2B62632800CD31B0 /* WidgetKitsTest.entitlements */ = {isa = PBXFileReference; lastKnownFileType = text.plist.entitlements; path = WidgetKitsTest.entitlements; sourceTree = "<group>"; };
		FDBC65AF2B62639700CD31B0 /* SimpleStaticWidgetExtension.entitlements */ = {isa = PBXFileReference; lastKnownFileType = text.plist.entitlements; path = SimpleStaticWidgetExtension.entitlements; sourceTree = "<group>"; };
		FDBC65B12B62645F00CD31B0 /* RemindersWidgetView.swift */ = {isa = PBXFileReference; lastKnownFileType = sourcecode.swift; path = RemindersWidgetView.swift; sourceTree = "<group>"; };
		FDBC65B42B62681F00CD31B0 /* RemindersWidgetEntry.swift */ = {isa = PBXFileReference; lastKnownFileType = sourcecode.swift; path = RemindersWidgetEntry.swift; sourceTree = "<group>"; };
		FDBC65B62B62687C00CD31B0 /* RemindersWidgetTimeline.swift */ = {isa = PBXFileReference; lastKnownFileType = sourcecode.swift; path = RemindersWidgetTimeline.swift; sourceTree = "<group>"; };
		FDBC65B82B6268CE00CD31B0 /* RemindersWidgetWidget.swift */ = {isa = PBXFileReference; lastKnownFileType = sourcecode.swift; path = RemindersWidgetWidget.swift; sourceTree = "<group>"; };
		FDBC65BB2B62A19600CD31B0 /* ReminderModel.swift */ = {isa = PBXFileReference; lastKnownFileType = sourcecode.swift; path = ReminderModel.swift; sourceTree = "<group>"; };
		FDBC65BE2B62A26500CD31B0 /* RemindersView.swift */ = {isa = PBXFileReference; lastKnownFileType = sourcecode.swift; path = RemindersView.swift; sourceTree = "<group>"; };
		FDBFA5EC2B6EA6600016A24B /* ExchangeRateWidgetEntry.swift */ = {isa = PBXFileReference; lastKnownFileType = sourcecode.swift; path = ExchangeRateWidgetEntry.swift; sourceTree = "<group>"; };
		FDBFA5EE2B6EA6730016A24B /* ExchangeRateWidgetTimeline.swift */ = {isa = PBXFileReference; lastKnownFileType = sourcecode.swift; path = ExchangeRateWidgetTimeline.swift; sourceTree = "<group>"; };
		FDBFA5F02B6EA6840016A24B /* ExchangeRateWidget.swift */ = {isa = PBXFileReference; lastKnownFileType = sourcecode.swift; path = ExchangeRateWidget.swift; sourceTree = "<group>"; };
		FDBFA5F22B6EA69F0016A24B /* ExchangeRateWidgetView.swift */ = {isa = PBXFileReference; lastKnownFileType = sourcecode.swift; path = ExchangeRateWidgetView.swift; sourceTree = "<group>"; };
		FDBFA5F72B6EB83D0016A24B /* ExchangeRateAppView.swift */ = {isa = PBXFileReference; lastKnownFileType = sourcecode.swift; path = ExchangeRateAppView.swift; sourceTree = "<group>"; };
		FDC86ABB2B67FFBF00F5F2D3 /* SelectionColorIntents.intentdefinition */ = {isa = PBXFileReference; lastKnownFileType = file.intentdefinition; path = SelectionColorIntents.intentdefinition; sourceTree = "<group>"; };
		FDC86ABD2B6803F700F5F2D3 /* ColorWidgetView.swift */ = {isa = PBXFileReference; lastKnownFileType = sourcecode.swift; path = ColorWidgetView.swift; sourceTree = "<group>"; };
		FDC86ABF2B68041300F5F2D3 /* ColorWidgetEntry.swift */ = {isa = PBXFileReference; lastKnownFileType = sourcecode.swift; path = ColorWidgetEntry.swift; sourceTree = "<group>"; };
		FDC86AC12B68048800F5F2D3 /* ColorWidgetTimelineProvider.swift */ = {isa = PBXFileReference; lastKnownFileType = sourcecode.swift; path = ColorWidgetTimelineProvider.swift; sourceTree = "<group>"; };
		FDC86AC32B68080A00F5F2D3 /* ColorWidgetWidget.swift */ = {isa = PBXFileReference; lastKnownFileType = sourcecode.swift; path = ColorWidgetWidget.swift; sourceTree = "<group>"; };
		FDC86AC62B68175000F5F2D3 /* Expense.intentdefinition */ = {isa = PBXFileReference; lastKnownFileType = file.intentdefinition; path = Expense.intentdefinition; sourceTree = "<group>"; };
		FDC86AC82B6817E700F5F2D3 /* ExpenseCategory.swift */ = {isa = PBXFileReference; lastKnownFileType = sourcecode.swift; path = ExpenseCategory.swift; sourceTree = "<group>"; };
		FDC86ACA2B6827B700F5F2D3 /* ExpenseWidgetEntry.swift */ = {isa = PBXFileReference; lastKnownFileType = sourcecode.swift; path = ExpenseWidgetEntry.swift; sourceTree = "<group>"; };
		FDC86ACC2B68324E00F5F2D3 /* ExpenseWidgetView.swift */ = {isa = PBXFileReference; lastKnownFileType = sourcecode.swift; path = ExpenseWidgetView.swift; sourceTree = "<group>"; };
		FDC86ACE2B68326600F5F2D3 /* ExpenseWidgetTimelineProvider.swift */ = {isa = PBXFileReference; lastKnownFileType = sourcecode.swift; path = ExpenseWidgetTimelineProvider.swift; sourceTree = "<group>"; };
		FDC86AD02B68327400F5F2D3 /* ExpenseWidget.swift */ = {isa = PBXFileReference; lastKnownFileType = sourcecode.swift; path = ExpenseWidget.swift; sourceTree = "<group>"; };
		FDC86AD32B68329100F5F2D3 /* ExpenseItemView.swift */ = {isa = PBXFileReference; lastKnownFileType = sourcecode.swift; path = ExpenseItemView.swift; sourceTree = "<group>"; };
		FDD64DFE2B61433C00EAE354 /* WorkoutModel.swift */ = {isa = PBXFileReference; lastKnownFileType = sourcecode.swift; path = WorkoutModel.swift; sourceTree = "<group>"; };
		FDD64E002B61476800EAE354 /* WorkoutView.swift */ = {isa = PBXFileReference; lastKnownFileType = sourcecode.swift; path = WorkoutView.swift; sourceTree = "<group>"; };
/* End PBXFileReference section */

/* Begin PBXFrameworksBuildPhase section */
		FD948CA72B76475A003732E5 /* Frameworks */ = {
			isa = PBXFrameworksBuildPhase;
			buildActionMask = 2147483647;
			files = (
				FD948CAC2B76475A003732E5 /* Intents.framework in Frameworks */,
			);
			runOnlyForDeploymentPostprocessing = 0;
		};
		FDA80AAA2B57EE1200372627 /* Frameworks */ = {
			isa = PBXFrameworksBuildPhase;
			buildActionMask = 2147483647;
			files = (
			);
			runOnlyForDeploymentPostprocessing = 0;
		};
		FDA80ABF2B57EE7F00372627 /* Frameworks */ = {
			isa = PBXFrameworksBuildPhase;
			buildActionMask = 2147483647;
			files = (
				FDA80AC72B57EE7F00372627 /* SwiftUI.framework in Frameworks */,
				FDA80AC52B57EE7F00372627 /* WidgetKit.framework in Frameworks */,
			);
			runOnlyForDeploymentPostprocessing = 0;
		};
/* End PBXFrameworksBuildPhase section */

/* Begin PBXGroup section */
		FD03D4D52B5A9BCC00728B28 /* QuotesWidget */ = {
			isa = PBXGroup;
			children = (
				FD03D4D62B5A9C0100728B28 /* QuotesTimelineEntry.swift */,
				FD03D4D82B5A9C3400728B28 /* QuoteModel.swift */,
				FD03D4DA2B5A9C4400728B28 /* QuoteServices.swift */,
				FD03D4DC2B5AB3A700728B28 /* QuoteTimelineProvider.swift */,
				FD03D4DE2B5AB6AA00728B28 /* QuoteView.swift */,
				FDB35A232B5BD4CE00CF24E2 /* QuoteWidget.swift */,
			);
			path = QuotesWidget;
			sourceTree = "<group>";
		};
		FD14CA392B77D309003AA9A7 /* Pedometer */ = {
			isa = PBXGroup;
			children = (
				FD14CA3B2B77D3B8003AA9A7 /* PedometerModel.swift */,
				FD14CA3E2B77D403003AA9A7 /* PedometerManager.swift */,
				FD14CA412B77DBFD003AA9A7 /* PedometerConstant.swift */,
				FD14CA442B77E2B7003AA9A7 /* PedometerView.swift */,
			);
			path = Pedometer;
			sourceTree = "<group>";
		};
		FD14CA3A2B77D327003AA9A7 /* PedometerWidget */ = {
			isa = PBXGroup;
			children = (
				FD14CA462B780011003AA9A7 /* PedometerWidget.swift */,
				FD14CA4C2B780457003AA9A7 /* PedometerTimelineProvider.swift */,
				FD14CA482B7802E3003AA9A7 /* PedometerWidgetView.swift */,
				FD14CA4A2B780317003AA9A7 /* PedometerEntry.swift */,
			);
			path = PedometerWidget;
			sourceTree = "<group>";
		};
		FD160ADE2B7A409C001CEF2C /* FocusTimerApp */ = {
			isa = PBXGroup;
			children = (
				FD160AE02B7A5D96001CEF2C /* FocusTimerAttributes.swift */,
				FD160AE72B7AA394001CEF2C /* FocuTimerAppView.swift */,
			);
			path = FocusTimerApp;
			sourceTree = "<group>";
		};
		FD160ADF2B7A40C6001CEF2C /* FocusTimerLiveWidget */ = {
			isa = PBXGroup;
			children = (
				FD160AE32B7A61D7001CEF2C /* FocusTimerEntryView.swift */,
				FD160AE52B7A673E001CEF2C /* FocusTimerLiveWidget.swift */,
			);
			path = FocusTimerLiveWidget;
			sourceTree = "<group>";
		};
		FD1FBC752B6A8EE200FD0FC4 /* ExchangeRateApp */ = {
			isa = PBXGroup;
			children = (
				FD1FBC772B6A8F2100FD0FC4 /* Country.swift */,
				FD1FBC792B6A8F2D00FD0FC4 /* ExchangeRate.swift */,
				FD20EA2F2B6D07F300F94D80 /* ExchangeRateServices.swift */,
				FD20EA312B6D107600F94D80 /* CountryListCell.swift */,
				FD20EA332B6D2C4300F94D80 /* CountryExchangeRateView.swift */,
				FDBFA5F72B6EB83D0016A24B /* ExchangeRateAppView.swift */,
			);
			path = ExchangeRateApp;
			sourceTree = "<group>";
		};
		FD1FBC762B6A8EFC00FD0FC4 /* ExchangeRateWidget */ = {
			isa = PBXGroup;
			children = (
				FDBFA5EC2B6EA6600016A24B /* ExchangeRateWidgetEntry.swift */,
				FDBFA5EE2B6EA6730016A24B /* ExchangeRateWidgetTimeline.swift */,
				FDBFA5F02B6EA6840016A24B /* ExchangeRateWidget.swift */,
				FDBFA5F22B6EA69F0016A24B /* ExchangeRateWidgetView.swift */,
			);
			path = ExchangeRateWidget;
			sourceTree = "<group>";
		};
		FD214CC82B6F92650098E5C9 /* StockApp */ = {
			isa = PBXGroup;
			children = (
				FD214CC92B6F928C0098E5C9 /* StockModel.swift */,
				FD214CCB2B6F94BC0098E5C9 /* StockServices.swift */,
				FD214CCE2B6F97A00098E5C9 /* StockView.swift */,
			);
			path = StockApp;
			sourceTree = "<group>";
		};
		FD2E69632B604E47009867AF /* ChartWidget */ = {
			isa = PBXGroup;
			children = (
				FD9AFC002B617727005D133D /* WorkoutWidgetEntry.swift */,
				FD9AFC032B617889005D133D /* WorkoutTimelineProvider.swift */,
				FD9AFC052B617F06005D133D /* WorkoutWidget.swift */,
			);
			path = ChartWidget;
			sourceTree = "<group>";
		};
		FD5EFAD82B7171D20005694E /* Test */ = {
			isa = PBXGroup;
			children = (
				FD5EFAD92B7171F30005694E /* TestServices.swift */,
			);
			path = Test;
			sourceTree = "<group>";
		};
		FD8814072B78DC890012581C /* FamousPlaceMapKitWidget */ = {
			isa = PBXGroup;
			children = (
				FD8814082B78DCC80012581C /* FamousPlace.swift */,
				FD88140E2B78FB200012581C /* FamousPlaceTimelineProvider.swift */,
				FD88140A2B78F8780012581C /* FamousPlaceTimelineEntry.swift */,
				FD88140C2B78F8C60012581C /* FamousPlaceWidgetView.swift */,
				FD8814102B7907980012581C /* FamousPlaceWidget.swift */,
			);
			path = FamousPlaceMapKitWidget;
			sourceTree = "<group>";
		};
		FD948CA12B76417D003732E5 /* StockWidget */ = {
			isa = PBXGroup;
			children = (
				FD948CA42B76453E003732E5 /* StockIntent.intentdefinition */,
				FD948CA22B7641A0003732E5 /* StockTimelineEntry.swift */,
				FDA8DB852B766C2B001FB3FE /* StockWidgetView.swift */,
				FDA8DB832B7669F7001FB3FE /* StockTimelineProvider.swift */,
				FDA8DB872B7671D4001FB3FE /* StockWidget.swift */,
			);
			path = StockWidget;
			sourceTree = "<group>";
		};
		FD948CAD2B76475A003732E5 /* CustomStockIntentEX */ = {
			isa = PBXGroup;
			children = (
				FD948CAE2B76475A003732E5 /* IntentHandler.swift */,
				FD948CB02B76475A003732E5 /* Info.plist */,
			);
			path = CustomStockIntentEX;
			sourceTree = "<group>";
		};
		FDA17D6B2B641361002E9C48 /* Grocey */ = {
			isa = PBXGroup;
			children = (
				FDA17D6D2B6413AA002E9C48 /* GroceyDataModel.xcdatamodeld */,
				FDA17D712B641FC3002E9C48 /* GroceryConstants.swift */,
				FD0C10592B65376E00B3679C /* GroceryView.swift */,
				FD0C105B2B65387E00B3679C /* Color+Extension.swift */,
				FDA7B7CB2B6691ED00CA6EAD /* CoreDataManager.swift */,
			);
			path = Grocey;
			sourceTree = "<group>";
		};
		FDA17D6C2B64137A002E9C48 /* GroceyWidget */ = {
			isa = PBXGroup;
			children = (
				FDA7B7D12B66D97700CA6EAD /* GroceyEntry.swift */,
				FDA7B7D32B66D9B200CA6EAD /* GroceryTimeline.swift */,
				FDA7B7D52B66DA4800CA6EAD /* GroceryWidgetView.swift */,
				FDA7B7D82B66DF8000CA6EAD /* GroceryWidget.swift */,
			);
			path = GroceyWidget;
			sourceTree = "<group>";
		};
		FDA7B7CE2B669DBE00CA6EAD /* Logger */ = {
			isa = PBXGroup;
			children = (
				FDA7B7CF2B669DCB00CA6EAD /* Logger.swift */,
			);
			path = Logger;
			sourceTree = "<group>";
		};
		FDA80AA42B57EE1200372627 = {
			isa = PBXGroup;
			children = (
				FDBC65AF2B62639700CD31B0 /* SimpleStaticWidgetExtension.entitlements */,
				FDA80AAF2B57EE1200372627 /* WidgetKitsTest */,
				FDA80AC82B57EE7F00372627 /* SimpleStaticWidget */,
				FDA80AD72B57EF0D00372627 /* HelloStaticImageWidget */,
				FDA80AE22B58417900372627 /* TodayInfoWidget */,
				FD03D4D52B5A9BCC00728B28 /* QuotesWidget */,
				FDB35A252B5BE10400CF24E2 /* WeatherWidget */,
				FD2E69632B604E47009867AF /* ChartWidget */,
				FDBC65B02B6263E300CD31B0 /* RemindersWidget */,
				FDA17D6C2B64137A002E9C48 /* GroceyWidget */,
				FDC86ABA2B67B5D800F5F2D3 /* ColorWidget */,
				FDC86AC52B68171800F5F2D3 /* ExpenseWidget */,
				FD1FBC762B6A8EFC00FD0FC4 /* ExchangeRateWidget */,
				FD948CA12B76417D003732E5 /* StockWidget */,
				FD14CA3A2B77D327003AA9A7 /* PedometerWidget */,
				FD8814072B78DC890012581C /* FamousPlaceMapKitWidget */,
				FD160ADF2B7A40C6001CEF2C /* FocusTimerLiveWidget */,
				FDAD991E2B7B65F5006CB983 /* PizzaDeliveryWidget */,
				FD948CAD2B76475A003732E5 /* CustomStockIntentEX */,
				FDA80AC32B57EE7F00372627 /* Frameworks */,
				FDA80AAE2B57EE1200372627 /* Products */,
			);
			sourceTree = "<group>";
		};
		FDA80AAE2B57EE1200372627 /* Products */ = {
			isa = PBXGroup;
			children = (
				FDA80AAD2B57EE1200372627 /* WidgetKitsTest.app */,
				FDA80AC22B57EE7F00372627 /* SimpleStaticWidgetExtension.appex */,
				FD948CAA2B76475A003732E5 /* CustomStockIntentEX.appex */,
			);
			name = Products;
			sourceTree = "<group>";
		};
		FDA80AAF2B57EE1200372627 /* WidgetKitsTest */ = {
			isa = PBXGroup;
			children = (
				FD160AE92B7AAE78001CEF2C /* Info.plist */,
				FDBC65AE2B62632800CD31B0 /* WidgetKitsTest.entitlements */,
				FD5EFAD82B7171D20005694E /* Test */,
				FDA7B7CE2B669DBE00CA6EAD /* Logger */,
				FDD64DFD2B6142B800EAE354 /* WorkoutTracker */,
				FDBC65BA2B62A16B00CD31B0 /* RemindersModel */,
				FDA17D6B2B641361002E9C48 /* Grocey */,
				FD1FBC752B6A8EE200FD0FC4 /* ExchangeRateApp */,
				FD214CC82B6F92650098E5C9 /* StockApp */,
				FD14CA392B77D309003AA9A7 /* Pedometer */,
				FD160ADE2B7A409C001CEF2C /* FocusTimerApp */,
				FDAD991D2B7B65D3006CB983 /* PizzaOrderingApp */,
				FDA80AB02B57EE1200372627 /* WidgetKitsTestApp.swift */,
				FDA80AB22B57EE1200372627 /* ContentView.swift */,
				FDA80AB42B57EE1300372627 /* Assets.xcassets */,
				FDA80AB62B57EE1300372627 /* Preview Content */,
			);
			path = WidgetKitsTest;
			sourceTree = "<group>";
		};
		FDA80AB62B57EE1300372627 /* Preview Content */ = {
			isa = PBXGroup;
			children = (
				FDA80AB72B57EE1300372627 /* Preview Assets.xcassets */,
			);
			path = "Preview Content";
			sourceTree = "<group>";
		};
		FDA80AC32B57EE7F00372627 /* Frameworks */ = {
			isa = PBXGroup;
			children = (
				FDA80AC42B57EE7F00372627 /* WidgetKit.framework */,
				FDA80AC62B57EE7F00372627 /* SwiftUI.framework */,
				FD948CAB2B76475A003732E5 /* Intents.framework */,
			);
			name = Frameworks;
			sourceTree = "<group>";
		};
		FDA80AC82B57EE7F00372627 /* SimpleStaticWidget */ = {
			isa = PBXGroup;
			children = (
				FDA80AC92B57EE7F00372627 /* SimpleStaticWidgetBundle.swift */,
				FDA80ACB2B57EE7F00372627 /* SimpleStaticWidget.swift */,
				FDA80ACD2B57EE8100372627 /* Assets.xcassets */,
				FDA80ACF2B57EE8100372627 /* Info.plist */,
			);
			path = SimpleStaticWidget;
			sourceTree = "<group>";
		};
		FDA80AD72B57EF0D00372627 /* HelloStaticImageWidget */ = {
			isa = PBXGroup;
			children = (
				FDA80AD82B57EF4200372627 /* HelloStaticWidgetEntry.swift */,
				FDB35A282B5C268800CF24E2 /* NetworkImageView.swift */,
				FDA80ADA2B57F05B00372627 /* HelloStaticWidgetView.swift */,
				FDA80ADE2B58343D00372627 /* HelloStaticWidgetTimeLineProvider.swift */,
				FDA80AE02B58396200372627 /* HelloStaticWidgetWidget.swift */,
			);
			path = HelloStaticImageWidget;
			sourceTree = "<group>";
		};
		FDA80AE22B58417900372627 /* TodayInfoWidget */ = {
			isa = PBXGroup;
			children = (
				FDA80AE32B5841C600372627 /* TodayInfoTimeLineEntry.swift */,
				FDA80AE52B58421D00372627 /* TodayInfoTimeLineProvider.swift */,
				FDA80AE72B584D7A00372627 /* TodayInfoView.swift */,
				FDA80AE92B584EF000372627 /* TodayInfoWidget.swift */,
			);
			path = TodayInfoWidget;
			sourceTree = "<group>";
		};
		FDAD991D2B7B65D3006CB983 /* PizzaOrderingApp */ = {
			isa = PBXGroup;
			children = (
				FDAD991F2B7B680E006CB983 /* PizzaOrderingAttribute.swift */,
				FDAD99212B7B7696006CB983 /* PizzaType.swift */,
				FD82FE092B7BF503004EB9B1 /* PizzaOrderAppView.swift */,
			);
			path = PizzaOrderingApp;
			sourceTree = "<group>";
		};
		FDAD991E2B7B65F5006CB983 /* PizzaDeliveryWidget */ = {
			isa = PBXGroup;
			children = (
				FD5E980D2B7CF8AE00CC2FE9 /* PizzaDeliveryWidget.swift */,
			);
			path = PizzaDeliveryWidget;
			sourceTree = "<group>";
		};
		FDB35A252B5BE10400CF24E2 /* WeatherWidget */ = {
			isa = PBXGroup;
			children = (
				FD2E69512B602A5C009867AF /* Model.swift */,
				FDB35A262B5BE12500CF24E2 /* Services.swift */,
				FD2E69532B602C68009867AF /* WeatherUtil.swift */,
				FD2E69572B602F5A009867AF /* WeatherMockData.swift */,
				FD2E69552B602E05009867AF /* WeatherWidgetEntry.swift */,
				FD2E69592B6030FC009867AF /* WeatherWidgetProvider.swift */,
				FD2E695D2B6042FC009867AF /* WeatherSubview.swift */,
				FD2E695F2B6046A8009867AF /* DailyWeatherView.swift */,
				FD2E695B2B60427B009867AF /* WeatherWidgetView.swift */,
				FD2E69612B604ADB009867AF /* WeatherWidgetWidget.swift */,
			);
			path = WeatherWidget;
			sourceTree = "<group>";
		};
		FDBC65B02B6263E300CD31B0 /* RemindersWidget */ = {
			isa = PBXGroup;
			children = (
				FDBC65B12B62645F00CD31B0 /* RemindersWidgetView.swift */,
				FDBC65B42B62681F00CD31B0 /* RemindersWidgetEntry.swift */,
				FDBC65B62B62687C00CD31B0 /* RemindersWidgetTimeline.swift */,
				FDBC65B82B6268CE00CD31B0 /* RemindersWidgetWidget.swift */,
			);
			path = RemindersWidget;
			sourceTree = "<group>";
		};
		FDBC65BA2B62A16B00CD31B0 /* RemindersModel */ = {
			isa = PBXGroup;
			children = (
				FDBC65BB2B62A19600CD31B0 /* ReminderModel.swift */,
				FDBC65BE2B62A26500CD31B0 /* RemindersView.swift */,
				FDA17D652B63D7C6002E9C48 /* RemindersAppConstants.swift */,
			);
			path = RemindersModel;
			sourceTree = "<group>";
		};
		FDC86ABA2B67B5D800F5F2D3 /* ColorWidget */ = {
			isa = PBXGroup;
			children = (
				FDC86ABB2B67FFBF00F5F2D3 /* SelectionColorIntents.intentdefinition */,
				FDC86ABD2B6803F700F5F2D3 /* ColorWidgetView.swift */,
				FDC86ABF2B68041300F5F2D3 /* ColorWidgetEntry.swift */,
				FDC86AC12B68048800F5F2D3 /* ColorWidgetTimelineProvider.swift */,
				FDC86AC32B68080A00F5F2D3 /* ColorWidgetWidget.swift */,
			);
			path = ColorWidget;
			sourceTree = "<group>";
		};
		FDC86AC52B68171800F5F2D3 /* ExpenseWidget */ = {
			isa = PBXGroup;
			children = (
				FDC86AC62B68175000F5F2D3 /* Expense.intentdefinition */,
				FDC86AC82B6817E700F5F2D3 /* ExpenseCategory.swift */,
				FDC86ACA2B6827B700F5F2D3 /* ExpenseWidgetEntry.swift */,
				FDC86AD32B68329100F5F2D3 /* ExpenseItemView.swift */,
				FDC86ACC2B68324E00F5F2D3 /* ExpenseWidgetView.swift */,
				FDC86ACE2B68326600F5F2D3 /* ExpenseWidgetTimelineProvider.swift */,
				FDC86AD02B68327400F5F2D3 /* ExpenseWidget.swift */,
			);
			path = ExpenseWidget;
			sourceTree = "<group>";
		};
		FDD64DFD2B6142B800EAE354 /* WorkoutTracker */ = {
			isa = PBXGroup;
			children = (
				FDD64DFE2B61433C00EAE354 /* WorkoutModel.swift */,
				FDD64E002B61476800EAE354 /* WorkoutView.swift */,
			);
			path = WorkoutTracker;
			sourceTree = "<group>";
		};
/* End PBXGroup section */

/* Begin PBXNativeTarget section */
		FD948CA92B76475A003732E5 /* CustomStockIntentEX */ = {
			isa = PBXNativeTarget;
			buildConfigurationList = FD948CB42B76475A003732E5 /* Build configuration list for PBXNativeTarget "CustomStockIntentEX" */;
			buildPhases = (
				FD948CA62B76475A003732E5 /* Sources */,
				FD948CA72B76475A003732E5 /* Frameworks */,
				FD948CA82B76475A003732E5 /* Resources */,
			);
			buildRules = (
			);
			dependencies = (
			);
			name = CustomStockIntentEX;
			productName = CustomStockIntentEX;
			productReference = FD948CAA2B76475A003732E5 /* CustomStockIntentEX.appex */;
			productType = "com.apple.product-type.app-extension";
		};
		FDA80AAC2B57EE1200372627 /* WidgetKitsTest */ = {
			isa = PBXNativeTarget;
			buildConfigurationList = FDA80ABB2B57EE1300372627 /* Build configuration list for PBXNativeTarget "WidgetKitsTest" */;
			buildPhases = (
				FDA80AA92B57EE1200372627 /* Sources */,
				FDA80AAA2B57EE1200372627 /* Frameworks */,
				FDA80AAB2B57EE1200372627 /* Resources */,
				FDA80AD62B57EE8100372627 /* Embed Foundation Extensions */,
			);
			buildRules = (
			);
			dependencies = (
				FDA80AD12B57EE8100372627 /* PBXTargetDependency */,
				FD948CB22B76475A003732E5 /* PBXTargetDependency */,
			);
			name = WidgetKitsTest;
			productName = WidgetKitsTest;
			productReference = FDA80AAD2B57EE1200372627 /* WidgetKitsTest.app */;
			productType = "com.apple.product-type.application";
		};
		FDA80AC12B57EE7F00372627 /* SimpleStaticWidgetExtension */ = {
			isa = PBXNativeTarget;
			buildConfigurationList = FDA80AD32B57EE8100372627 /* Build configuration list for PBXNativeTarget "SimpleStaticWidgetExtension" */;
			buildPhases = (
				FDA80ABE2B57EE7F00372627 /* Sources */,
				FDA80ABF2B57EE7F00372627 /* Frameworks */,
				FDA80AC02B57EE7F00372627 /* Resources */,
			);
			buildRules = (
			);
			dependencies = (
			);
			name = SimpleStaticWidgetExtension;
			productName = SimpleStaticWidgetExtension;
			productReference = FDA80AC22B57EE7F00372627 /* SimpleStaticWidgetExtension.appex */;
			productType = "com.apple.product-type.app-extension";
		};
/* End PBXNativeTarget section */

/* Begin PBXProject section */
		FDA80AA52B57EE1200372627 /* Project object */ = {
			isa = PBXProject;
			attributes = {
				BuildIndependentTargetsInParallel = 1;
				LastSwiftUpdateCheck = 1520;
				LastUpgradeCheck = 1520;
				TargetAttributes = {
					FD948CA92B76475A003732E5 = {
						CreatedOnToolsVersion = 15.2;
					};
					FDA80AAC2B57EE1200372627 = {
						CreatedOnToolsVersion = 15.2;
					};
					FDA80AC12B57EE7F00372627 = {
						CreatedOnToolsVersion = 15.2;
					};
				};
			};
			buildConfigurationList = FDA80AA82B57EE1200372627 /* Build configuration list for PBXProject "WidgetKitsTest" */;
			compatibilityVersion = "Xcode 14.0";
			developmentRegion = en;
			hasScannedForEncodings = 0;
			knownRegions = (
				en,
				Base,
			);
			mainGroup = FDA80AA42B57EE1200372627;
			productRefGroup = FDA80AAE2B57EE1200372627 /* Products */;
			projectDirPath = "";
			projectRoot = "";
			targets = (
				FDA80AAC2B57EE1200372627 /* WidgetKitsTest */,
				FDA80AC12B57EE7F00372627 /* SimpleStaticWidgetExtension */,
				FD948CA92B76475A003732E5 /* CustomStockIntentEX */,
			);
		};
/* End PBXProject section */

/* Begin PBXResourcesBuildPhase section */
		FD948CA82B76475A003732E5 /* Resources */ = {
			isa = PBXResourcesBuildPhase;
			buildActionMask = 2147483647;
			files = (
			);
			runOnlyForDeploymentPostprocessing = 0;
		};
		FDA80AAB2B57EE1200372627 /* Resources */ = {
			isa = PBXResourcesBuildPhase;
			buildActionMask = 2147483647;
			files = (
				FDA80AB82B57EE1300372627 /* Preview Assets.xcassets in Resources */,
				FDA80AB52B57EE1300372627 /* Assets.xcassets in Resources */,
			);
			runOnlyForDeploymentPostprocessing = 0;
		};
		FDA80AC02B57EE7F00372627 /* Resources */ = {
			isa = PBXResourcesBuildPhase;
			buildActionMask = 2147483647;
			files = (
				FDA80ACE2B57EE8100372627 /* Assets.xcassets in Resources */,
			);
			runOnlyForDeploymentPostprocessing = 0;
		};
/* End PBXResourcesBuildPhase section */

/* Begin PBXSourcesBuildPhase section */
		FD948CA62B76475A003732E5 /* Sources */ = {
			isa = PBXSourcesBuildPhase;
			buildActionMask = 2147483647;
			files = (
				FD948CAF2B76475A003732E5 /* IntentHandler.swift in Sources */,
				FDA8DB812B76620F001FB3FE /* StockIntent.intentdefinition in Sources */,
			);
			runOnlyForDeploymentPostprocessing = 0;
		};
		FDA80AA92B57EE1200372627 /* Sources */ = {
			isa = PBXSourcesBuildPhase;
			buildActionMask = 2147483647;
			files = (
				FD82FE0A2B7BF503004EB9B1 /* PizzaOrderAppView.swift in Sources */,
				FD1FBC782B6A8F2100FD0FC4 /* Country.swift in Sources */,
				FD1FBC7A2B6A8F2D00FD0FC4 /* ExchangeRate.swift in Sources */,
				FDBFA5F82B6EB83D0016A24B /* ExchangeRateAppView.swift in Sources */,
				FD20EA342B6D2C4300F94D80 /* CountryExchangeRateView.swift in Sources */,
				FD20EA322B6D107600F94D80 /* CountryListCell.swift in Sources */,
				FDA17D6F2B6413AA002E9C48 /* GroceyDataModel.xcdatamodeld in Sources */,
				FDA80AB32B57EE1200372627 /* ContentView.swift in Sources */,
				FDA80AB12B57EE1200372627 /* WidgetKitsTestApp.swift in Sources */,
				FDD64E012B61476800EAE354 /* WorkoutView.swift in Sources */,
				FD160AE12B7A5D96001CEF2C /* FocusTimerAttributes.swift in Sources */,
				FDA17D662B63D7C6002E9C48 /* RemindersAppConstants.swift in Sources */,
				FDA17D722B641FC3002E9C48 /* GroceryConstants.swift in Sources */,
				FDAD99202B7B680E006CB983 /* PizzaOrderingAttribute.swift in Sources */,
				FD20EA302B6D07F300F94D80 /* ExchangeRateServices.swift in Sources */,
				FD160AE82B7AA394001CEF2C /* FocuTimerAppView.swift in Sources */,
				FDA7B7CC2B6691ED00CA6EAD /* CoreDataManager.swift in Sources */,
				FD14CA422B77DBFD003AA9A7 /* PedometerConstant.swift in Sources */,
				FD0C105A2B65376E00B3679C /* GroceryView.swift in Sources */,
				FDBC65BC2B62A19600CD31B0 /* ReminderModel.swift in Sources */,
				FDA7B7D02B669DCB00CA6EAD /* Logger.swift in Sources */,
				FD14CA3C2B77D3B8003AA9A7 /* PedometerModel.swift in Sources */,
				FD214CCC2B6F94BC0098E5C9 /* StockServices.swift in Sources */,
				FD214CCF2B6F97A00098E5C9 /* StockView.swift in Sources */,
				FD214CCA2B6F928C0098E5C9 /* StockModel.swift in Sources */,
				FDA8DB822B766210001FB3FE /* StockIntent.intentdefinition in Sources */,
				FD14CA3F2B77D403003AA9A7 /* PedometerManager.swift in Sources */,
				FDAD99222B7B7696006CB983 /* PizzaType.swift in Sources */,
				FDD64DFF2B61433C00EAE354 /* WorkoutModel.swift in Sources */,
				FD0C105C2B65387E00B3679C /* Color+Extension.swift in Sources */,
				FD5EFADA2B7171F30005694E /* TestServices.swift in Sources */,
				FD14CA452B77E2B7003AA9A7 /* PedometerView.swift in Sources */,
				FDBC65BF2B62A26500CD31B0 /* RemindersView.swift in Sources */,
			);
			runOnlyForDeploymentPostprocessing = 0;
		};
		FDA80ABE2B57EE7F00372627 /* Sources */ = {
			isa = PBXSourcesBuildPhase;
			buildActionMask = 2147483647;
			files = (
				FD2E69582B602F5A009867AF /* WeatherMockData.swift in Sources */,
				FDB35A272B5BE12500CF24E2 /* Services.swift in Sources */,
				FDC86AD52B68342A00F5F2D3 /* ExpenseItemView.swift in Sources */,
				FD948CA52B76453E003732E5 /* StockIntent.intentdefinition in Sources */,
				FD2E69562B602E05009867AF /* WeatherWidgetEntry.swift in Sources */,
				FDA7B7D22B66D97700CA6EAD /* GroceyEntry.swift in Sources */,
				FDA80ACA2B57EE7F00372627 /* SimpleStaticWidgetBundle.swift in Sources */,
				FD9AFC092B61810B005D133D /* WorkoutWidgetEntry.swift in Sources */,
				FD2E69542B602C68009867AF /* WeatherUtil.swift in Sources */,
				FDF65A702B7024A900D74F0D /* StockModel.swift in Sources */,
				FDA80AE62B58421D00372627 /* TodayInfoTimeLineProvider.swift in Sources */,
				FDC86ACD2B68324E00F5F2D3 /* ExpenseWidgetView.swift in Sources */,
				FDA80AE12B58396200372627 /* HelloStaticWidgetWidget.swift in Sources */,
				FD14CA432B77DBFD003AA9A7 /* PedometerConstant.swift in Sources */,
				FDA80AEA2B584EF000372627 /* TodayInfoWidget.swift in Sources */,
				FDC86AD12B68327400F5F2D3 /* ExpenseWidget.swift in Sources */,
				FDBFA5F32B6EA69F0016A24B /* ExchangeRateWidgetView.swift in Sources */,
				FDA8DB842B7669F7001FB3FE /* StockTimelineProvider.swift in Sources */,
				FDA80ADF2B58343D00372627 /* HelloStaticWidgetTimeLineProvider.swift in Sources */,
				FDA80AE42B5841C600372627 /* TodayInfoTimeLineEntry.swift in Sources */,
				FD14CA3D2B77D3B8003AA9A7 /* PedometerModel.swift in Sources */,
				FDA17D6A2B63D8F5002E9C48 /* RemindersWidgetWidget.swift in Sources */,
				FDC86ABC2B67FFBF00F5F2D3 /* SelectionColorIntents.intentdefinition in Sources */,
				FDB35A292B5C268800CF24E2 /* NetworkImageView.swift in Sources */,
				FDC86AC22B68048800F5F2D3 /* ColorWidgetTimelineProvider.swift in Sources */,
				FDBFA5F12B6EA6840016A24B /* ExchangeRateWidget.swift in Sources */,
				FDC86ABE2B6803F700F5F2D3 /* ColorWidgetView.swift in Sources */,
				FDB35A212B5BB44A00CF24E2 /* QuoteTimelineProvider.swift in Sources */,
				FD88140B2B78F8780012581C /* FamousPlaceTimelineEntry.swift in Sources */,
				FDBFA5ED2B6EA6600016A24B /* ExchangeRateWidgetEntry.swift in Sources */,
				FDB35A1F2B5BB44200CF24E2 /* QuoteModel.swift in Sources */,
				FD2E695E2B6042FC009867AF /* WeatherSubview.swift in Sources */,
				FDBFA5F92B6EBAFF0016A24B /* CountryListCell.swift in Sources */,
				FD948CA32B7641A0003732E5 /* StockTimelineEntry.swift in Sources */,
				FDD64E022B61476800EAE354 /* WorkoutView.swift in Sources */,
				FDA17D692B63D8F0002E9C48 /* RemindersWidgetTimeline.swift in Sources */,
				FD5E980E2B7CF8AE00CC2FE9 /* PizzaDeliveryWidget.swift in Sources */,
				FDBFA5F52B6EA6BD0016A24B /* ExchangeRate.swift in Sources */,
				FDBFA5F42B6EA6B90016A24B /* Country.swift in Sources */,
				FD214CCD2B6F94BC0098E5C9 /* StockServices.swift in Sources */,
				FD14CA4B2B780317003AA9A7 /* PedometerEntry.swift in Sources */,
				FD5E980F2B7CF90800CC2FE9 /* PizzaOrderingAttribute.swift in Sources */,
				FDBC65B32B62646900CD31B0 /* RemindersWidgetView.swift in Sources */,
				FDA17D682B63D8ED002E9C48 /* RemindersWidgetEntry.swift in Sources */,
				FD03D4E02B5AB7DE00728B28 /* QuoteView.swift in Sources */,
				FDD64E032B6148CC00EAE354 /* WorkoutModel.swift in Sources */,
				FD9AFC072B618105005D133D /* WorkoutWidget.swift in Sources */,
				FDA8DB882B7671D4001FB3FE /* StockWidget.swift in Sources */,
				FDA7B7D62B66DA4800CA6EAD /* GroceryWidgetView.swift in Sources */,
				FD160AE22B7A5D96001CEF2C /* FocusTimerAttributes.swift in Sources */,
				FD8814092B78DCC80012581C /* FamousPlace.swift in Sources */,
				FDA7B7CD2B66920200CA6EAD /* CoreDataManager.swift in Sources */,
				FDA17D732B641FC3002E9C48 /* GroceryConstants.swift in Sources */,
				FD160AE42B7A61D7001CEF2C /* FocusTimerEntryView.swift in Sources */,
				FDA7B7D92B66DF8000CA6EAD /* GroceryWidget.swift in Sources */,
				FD14CA4D2B780457003AA9A7 /* PedometerTimelineProvider.swift in Sources */,
				FDB35A222B5BB44D00CF24E2 /* QuotesTimelineEntry.swift in Sources */,
				FDA80ADB2B57F05B00372627 /* HelloStaticWidgetView.swift in Sources */,
				FD14CA472B780011003AA9A7 /* PedometerWidget.swift in Sources */,
				FDC86AC72B68175000F5F2D3 /* Expense.intentdefinition in Sources */,
				FD160AE62B7A673E001CEF2C /* FocusTimerLiveWidget.swift in Sources */,
				FDA7B7D42B66D9B200CA6EAD /* GroceryTimeline.swift in Sources */,
				FDBFA5F62B6EA6CB0016A24B /* ExchangeRateServices.swift in Sources */,
				FD2E69602B6046A8009867AF /* DailyWeatherView.swift in Sources */,
				FDA80AD92B57EF4200372627 /* HelloStaticWidgetEntry.swift in Sources */,
				FD2E695C2B60427B009867AF /* WeatherWidgetView.swift in Sources */,
				FDA17D702B6413AA002E9C48 /* GroceyDataModel.xcdatamodeld in Sources */,
				FD88140D2B78F8C60012581C /* FamousPlaceWidgetView.swift in Sources */,
				FD2E695A2B6030FC009867AF /* WeatherWidgetProvider.swift in Sources */,
				FD0C105D2B65387E00B3679C /* Color+Extension.swift in Sources */,
				FDC86ACB2B6827B700F5F2D3 /* ExpenseWidgetEntry.swift in Sources */,
				FD88140F2B78FB200012581C /* FamousPlaceTimelineProvider.swift in Sources */,
				FDBFA5EF2B6EA6730016A24B /* ExchangeRateWidgetTimeline.swift in Sources */,
				FDC86AC92B6817E700F5F2D3 /* ExpenseCategory.swift in Sources */,
				FDA8DB862B766C2B001FB3FE /* StockWidgetView.swift in Sources */,
				FD14CA492B7802E3003AA9A7 /* PedometerWidgetView.swift in Sources */,
				FDA80ACC2B57EE7F00372627 /* SimpleStaticWidget.swift in Sources */,
				FDB35A202B5BB44700CF24E2 /* QuoteServices.swift in Sources */,
				FD9AFC082B618109005D133D /* WorkoutTimelineProvider.swift in Sources */,
				FD2E69522B602A5C009867AF /* Model.swift in Sources */,
				FD14CA402B77D403003AA9A7 /* PedometerManager.swift in Sources */,
				FDA7B7D72B66DF0F00CA6EAD /* Logger.swift in Sources */,
				FDC86AC42B68080A00F5F2D3 /* ColorWidgetWidget.swift in Sources */,
				FDB35A242B5BD4CE00CF24E2 /* QuoteWidget.swift in Sources */,
				FD2E69622B604ADB009867AF /* WeatherWidgetWidget.swift in Sources */,
				FDC86ACF2B68326600F5F2D3 /* ExpenseWidgetTimelineProvider.swift in Sources */,
				FDA80AE82B584D7A00372627 /* TodayInfoView.swift in Sources */,
				FDC86AC02B68041300F5F2D3 /* ColorWidgetEntry.swift in Sources */,
				FD8814112B7907980012581C /* FamousPlaceWidget.swift in Sources */,
				FDA17D672B63D8D4002E9C48 /* RemindersAppConstants.swift in Sources */,
			);
			runOnlyForDeploymentPostprocessing = 0;
		};
/* End PBXSourcesBuildPhase section */

/* Begin PBXTargetDependency section */
		FD948CB22B76475A003732E5 /* PBXTargetDependency */ = {
			isa = PBXTargetDependency;
			target = FD948CA92B76475A003732E5 /* CustomStockIntentEX */;
			targetProxy = FD948CB12B76475A003732E5 /* PBXContainerItemProxy */;
		};
		FDA80AD12B57EE8100372627 /* PBXTargetDependency */ = {
			isa = PBXTargetDependency;
			target = FDA80AC12B57EE7F00372627 /* SimpleStaticWidgetExtension */;
			targetProxy = FDA80AD02B57EE8100372627 /* PBXContainerItemProxy */;
		};
/* End PBXTargetDependency section */

/* Begin XCBuildConfiguration section */
		FD948CB52B76475A003732E5 /* Debug */ = {
			isa = XCBuildConfiguration;
			buildSettings = {
				CODE_SIGN_STYLE = Automatic;
				CURRENT_PROJECT_VERSION = 1;
				DEVELOPMENT_TEAM = LJT266936C;
				GENERATE_INFOPLIST_FILE = YES;
				INFOPLIST_FILE = CustomStockIntentEX/Info.plist;
				INFOPLIST_KEY_CFBundleDisplayName = CustomStockIntentEX;
				INFOPLIST_KEY_NSHumanReadableCopyright = "";
				LD_RUNPATH_SEARCH_PATHS = (
					"$(inherited)",
					"@executable_path/Frameworks",
					"@executable_path/../../Frameworks",
				);
				MARKETING_VERSION = 1.0;
				PRODUCT_BUNDLE_IDENTIFIER = Yellow.WidgetKitsTest.CustomStockIntentEX;
				PRODUCT_NAME = "$(TARGET_NAME)";
				SKIP_INSTALL = YES;
				SWIFT_EMIT_LOC_STRINGS = YES;
				SWIFT_VERSION = 5.0;
				TARGETED_DEVICE_FAMILY = "1,2";
			};
			name = Debug;
		};
		FD948CB62B76475A003732E5 /* Release */ = {
			isa = XCBuildConfiguration;
			buildSettings = {
				CODE_SIGN_STYLE = Automatic;
				CURRENT_PROJECT_VERSION = 1;
				DEVELOPMENT_TEAM = LJT266936C;
				GENERATE_INFOPLIST_FILE = YES;
				INFOPLIST_FILE = CustomStockIntentEX/Info.plist;
				INFOPLIST_KEY_CFBundleDisplayName = CustomStockIntentEX;
				INFOPLIST_KEY_NSHumanReadableCopyright = "";
				LD_RUNPATH_SEARCH_PATHS = (
					"$(inherited)",
					"@executable_path/Frameworks",
					"@executable_path/../../Frameworks",
				);
				MARKETING_VERSION = 1.0;
				PRODUCT_BUNDLE_IDENTIFIER = Yellow.WidgetKitsTest.CustomStockIntentEX;
				PRODUCT_NAME = "$(TARGET_NAME)";
				SKIP_INSTALL = YES;
				SWIFT_EMIT_LOC_STRINGS = YES;
				SWIFT_VERSION = 5.0;
				TARGETED_DEVICE_FAMILY = "1,2";
			};
			name = Release;
		};
		FDA80AB92B57EE1300372627 /* Debug */ = {
			isa = XCBuildConfiguration;
			buildSettings = {
				ALWAYS_SEARCH_USER_PATHS = NO;
				ASSETCATALOG_COMPILER_GENERATE_SWIFT_ASSET_SYMBOL_EXTENSIONS = YES;
				CLANG_ANALYZER_NONNULL = YES;
				CLANG_ANALYZER_NUMBER_OBJECT_CONVERSION = YES_AGGRESSIVE;
				CLANG_CXX_LANGUAGE_STANDARD = "gnu++20";
				CLANG_ENABLE_MODULES = YES;
				CLANG_ENABLE_OBJC_ARC = YES;
				CLANG_ENABLE_OBJC_WEAK = YES;
				CLANG_WARN_BLOCK_CAPTURE_AUTORELEASING = YES;
				CLANG_WARN_BOOL_CONVERSION = YES;
				CLANG_WARN_COMMA = YES;
				CLANG_WARN_CONSTANT_CONVERSION = YES;
				CLANG_WARN_DEPRECATED_OBJC_IMPLEMENTATIONS = YES;
				CLANG_WARN_DIRECT_OBJC_ISA_USAGE = YES_ERROR;
				CLANG_WARN_DOCUMENTATION_COMMENTS = YES;
				CLANG_WARN_EMPTY_BODY = YES;
				CLANG_WARN_ENUM_CONVERSION = YES;
				CLANG_WARN_INFINITE_RECURSION = YES;
				CLANG_WARN_INT_CONVERSION = YES;
				CLANG_WARN_NON_LITERAL_NULL_CONVERSION = YES;
				CLANG_WARN_OBJC_IMPLICIT_RETAIN_SELF = YES;
				CLANG_WARN_OBJC_LITERAL_CONVERSION = YES;
				CLANG_WARN_OBJC_ROOT_CLASS = YES_ERROR;
				CLANG_WARN_QUOTED_INCLUDE_IN_FRAMEWORK_HEADER = YES;
				CLANG_WARN_RANGE_LOOP_ANALYSIS = YES;
				CLANG_WARN_STRICT_PROTOTYPES = YES;
				CLANG_WARN_SUSPICIOUS_MOVE = YES;
				CLANG_WARN_UNGUARDED_AVAILABILITY = YES_AGGRESSIVE;
				CLANG_WARN_UNREACHABLE_CODE = YES;
				CLANG_WARN__DUPLICATE_METHOD_MATCH = YES;
				COPY_PHASE_STRIP = NO;
				DEBUG_INFORMATION_FORMAT = dwarf;
				ENABLE_STRICT_OBJC_MSGSEND = YES;
				ENABLE_TESTABILITY = YES;
				ENABLE_USER_SCRIPT_SANDBOXING = YES;
				GCC_C_LANGUAGE_STANDARD = gnu17;
				GCC_DYNAMIC_NO_PIC = NO;
				GCC_NO_COMMON_BLOCKS = YES;
				GCC_OPTIMIZATION_LEVEL = 0;
				GCC_PREPROCESSOR_DEFINITIONS = (
					"DEBUG=1",
					"$(inherited)",
				);
				GCC_WARN_64_TO_32_BIT_CONVERSION = YES;
				GCC_WARN_ABOUT_RETURN_TYPE = YES_ERROR;
				GCC_WARN_UNDECLARED_SELECTOR = YES;
				GCC_WARN_UNINITIALIZED_AUTOS = YES_AGGRESSIVE;
				GCC_WARN_UNUSED_FUNCTION = YES;
				GCC_WARN_UNUSED_VARIABLE = YES;
				IPHONEOS_DEPLOYMENT_TARGET = 17.2;
				LOCALIZATION_PREFERS_STRING_CATALOGS = YES;
				MTL_ENABLE_DEBUG_INFO = INCLUDE_SOURCE;
				MTL_FAST_MATH = YES;
				ONLY_ACTIVE_ARCH = YES;
				SDKROOT = iphoneos;
				SWIFT_ACTIVE_COMPILATION_CONDITIONS = "DEBUG $(inherited)";
				SWIFT_OPTIMIZATION_LEVEL = "-Onone";
			};
			name = Debug;
		};
		FDA80ABA2B57EE1300372627 /* Release */ = {
			isa = XCBuildConfiguration;
			buildSettings = {
				ALWAYS_SEARCH_USER_PATHS = NO;
				ASSETCATALOG_COMPILER_GENERATE_SWIFT_ASSET_SYMBOL_EXTENSIONS = YES;
				CLANG_ANALYZER_NONNULL = YES;
				CLANG_ANALYZER_NUMBER_OBJECT_CONVERSION = YES_AGGRESSIVE;
				CLANG_CXX_LANGUAGE_STANDARD = "gnu++20";
				CLANG_ENABLE_MODULES = YES;
				CLANG_ENABLE_OBJC_ARC = YES;
				CLANG_ENABLE_OBJC_WEAK = YES;
				CLANG_WARN_BLOCK_CAPTURE_AUTORELEASING = YES;
				CLANG_WARN_BOOL_CONVERSION = YES;
				CLANG_WARN_COMMA = YES;
				CLANG_WARN_CONSTANT_CONVERSION = YES;
				CLANG_WARN_DEPRECATED_OBJC_IMPLEMENTATIONS = YES;
				CLANG_WARN_DIRECT_OBJC_ISA_USAGE = YES_ERROR;
				CLANG_WARN_DOCUMENTATION_COMMENTS = YES;
				CLANG_WARN_EMPTY_BODY = YES;
				CLANG_WARN_ENUM_CONVERSION = YES;
				CLANG_WARN_INFINITE_RECURSION = YES;
				CLANG_WARN_INT_CONVERSION = YES;
				CLANG_WARN_NON_LITERAL_NULL_CONVERSION = YES;
				CLANG_WARN_OBJC_IMPLICIT_RETAIN_SELF = YES;
				CLANG_WARN_OBJC_LITERAL_CONVERSION = YES;
				CLANG_WARN_OBJC_ROOT_CLASS = YES_ERROR;
				CLANG_WARN_QUOTED_INCLUDE_IN_FRAMEWORK_HEADER = YES;
				CLANG_WARN_RANGE_LOOP_ANALYSIS = YES;
				CLANG_WARN_STRICT_PROTOTYPES = YES;
				CLANG_WARN_SUSPICIOUS_MOVE = YES;
				CLANG_WARN_UNGUARDED_AVAILABILITY = YES_AGGRESSIVE;
				CLANG_WARN_UNREACHABLE_CODE = YES;
				CLANG_WARN__DUPLICATE_METHOD_MATCH = YES;
				COPY_PHASE_STRIP = NO;
				DEBUG_INFORMATION_FORMAT = "dwarf-with-dsym";
				ENABLE_NS_ASSERTIONS = NO;
				ENABLE_STRICT_OBJC_MSGSEND = YES;
				ENABLE_USER_SCRIPT_SANDBOXING = YES;
				GCC_C_LANGUAGE_STANDARD = gnu17;
				GCC_NO_COMMON_BLOCKS = YES;
				GCC_WARN_64_TO_32_BIT_CONVERSION = YES;
				GCC_WARN_ABOUT_RETURN_TYPE = YES_ERROR;
				GCC_WARN_UNDECLARED_SELECTOR = YES;
				GCC_WARN_UNINITIALIZED_AUTOS = YES_AGGRESSIVE;
				GCC_WARN_UNUSED_FUNCTION = YES;
				GCC_WARN_UNUSED_VARIABLE = YES;
				IPHONEOS_DEPLOYMENT_TARGET = 17.2;
				LOCALIZATION_PREFERS_STRING_CATALOGS = YES;
				MTL_ENABLE_DEBUG_INFO = NO;
				MTL_FAST_MATH = YES;
				SDKROOT = iphoneos;
				SWIFT_COMPILATION_MODE = wholemodule;
				VALIDATE_PRODUCT = YES;
			};
			name = Release;
		};
		FDA80ABC2B57EE1300372627 /* Debug */ = {
			isa = XCBuildConfiguration;
			buildSettings = {
				ALWAYS_EMBED_SWIFT_STANDARD_LIBRARIES = YES;
				ASSETCATALOG_COMPILER_APPICON_NAME = AppIcon;
				ASSETCATALOG_COMPILER_GLOBAL_ACCENT_COLOR_NAME = AccentColor;
				CODE_SIGN_ENTITLEMENTS = WidgetKitsTest/WidgetKitsTest.entitlements;
				CODE_SIGN_STYLE = Automatic;
				CURRENT_PROJECT_VERSION = 1;
				DEVELOPMENT_ASSET_PATHS = "\"WidgetKitsTest/Preview Content\"";
				DEVELOPMENT_TEAM = LJT266936C;
				ENABLE_PREVIEWS = YES;
				GENERATE_INFOPLIST_FILE = YES;
				INFOPLIST_FILE = WidgetKitsTest/Info.plist;
				INFOPLIST_KEY_NSMotionUsageDescription = "Please give access to use motion";
				INFOPLIST_KEY_NSSupportsLiveActivities = YES;
				INFOPLIST_KEY_UIApplicationSceneManifest_Generation = YES;
				INFOPLIST_KEY_UIApplicationSupportsIndirectInputEvents = YES;
				INFOPLIST_KEY_UILaunchScreen_Generation = YES;
				INFOPLIST_KEY_UISupportedInterfaceOrientations_iPad = "UIInterfaceOrientationPortrait UIInterfaceOrientationPortraitUpsideDown UIInterfaceOrientationLandscapeLeft UIInterfaceOrientationLandscapeRight";
				INFOPLIST_KEY_UISupportedInterfaceOrientations_iPhone = "UIInterfaceOrientationPortrait UIInterfaceOrientationLandscapeLeft UIInterfaceOrientationLandscapeRight";
				LD_RUNPATH_SEARCH_PATHS = (
					"$(inherited)",
					"@executable_path/Frameworks",
				);
				MARKETING_VERSION = 1.0;
				PRODUCT_BUNDLE_IDENTIFIER = Yellow.WidgetKitsTest;
				PRODUCT_NAME = "$(TARGET_NAME)";
				SWIFT_EMIT_LOC_STRINGS = YES;
				SWIFT_VERSION = 5.0;
				TARGETED_DEVICE_FAMILY = "1,2";
			};
			name = Debug;
		};
		FDA80ABD2B57EE1300372627 /* Release */ = {
			isa = XCBuildConfiguration;
			buildSettings = {
				ALWAYS_EMBED_SWIFT_STANDARD_LIBRARIES = YES;
				ASSETCATALOG_COMPILER_APPICON_NAME = AppIcon;
				ASSETCATALOG_COMPILER_GLOBAL_ACCENT_COLOR_NAME = AccentColor;
				CODE_SIGN_ENTITLEMENTS = WidgetKitsTest/WidgetKitsTest.entitlements;
				CODE_SIGN_STYLE = Automatic;
				CURRENT_PROJECT_VERSION = 1;
				DEVELOPMENT_ASSET_PATHS = "\"WidgetKitsTest/Preview Content\"";
				DEVELOPMENT_TEAM = LJT266936C;
				ENABLE_PREVIEWS = YES;
				GENERATE_INFOPLIST_FILE = YES;
				INFOPLIST_FILE = WidgetKitsTest/Info.plist;
				INFOPLIST_KEY_NSMotionUsageDescription = "Please give access to use motion";
				INFOPLIST_KEY_NSSupportsLiveActivities = YES;
				INFOPLIST_KEY_UIApplicationSceneManifest_Generation = YES;
				INFOPLIST_KEY_UIApplicationSupportsIndirectInputEvents = YES;
				INFOPLIST_KEY_UILaunchScreen_Generation = YES;
				INFOPLIST_KEY_UISupportedInterfaceOrientations_iPad = "UIInterfaceOrientationPortrait UIInterfaceOrientationPortraitUpsideDown UIInterfaceOrientationLandscapeLeft UIInterfaceOrientationLandscapeRight";
				INFOPLIST_KEY_UISupportedInterfaceOrientations_iPhone = "UIInterfaceOrientationPortrait UIInterfaceOrientationLandscapeLeft UIInterfaceOrientationLandscapeRight";
				LD_RUNPATH_SEARCH_PATHS = (
					"$(inherited)",
					"@executable_path/Frameworks",
				);
				MARKETING_VERSION = 1.0;
				PRODUCT_BUNDLE_IDENTIFIER = Yellow.WidgetKitsTest;
				PRODUCT_NAME = "$(TARGET_NAME)";
				SWIFT_EMIT_LOC_STRINGS = YES;
				SWIFT_VERSION = 5.0;
				TARGETED_DEVICE_FAMILY = "1,2";
			};
			name = Release;
		};
		FDA80AD42B57EE8100372627 /* Debug */ = {
			isa = XCBuildConfiguration;
			buildSettings = {
				ASSETCATALOG_COMPILER_GLOBAL_ACCENT_COLOR_NAME = AccentColor;
				ASSETCATALOG_COMPILER_WIDGET_BACKGROUND_COLOR_NAME = WidgetBackground;
				CODE_SIGN_ENTITLEMENTS = SimpleStaticWidgetExtension.entitlements;
				CODE_SIGN_STYLE = Automatic;
				CURRENT_PROJECT_VERSION = 1;
				DEVELOPMENT_TEAM = LJT266936C;
				GENERATE_INFOPLIST_FILE = YES;
				INFOPLIST_FILE = SimpleStaticWidget/Info.plist;
				INFOPLIST_KEY_CFBundleDisplayName = SimpleStaticWidget;
				INFOPLIST_KEY_NSHumanReadableCopyright = "";
				LD_RUNPATH_SEARCH_PATHS = (
					"$(inherited)",
					"@executable_path/Frameworks",
					"@executable_path/../../Frameworks",
				);
				MARKETING_VERSION = 1.0;
				PRODUCT_BUNDLE_IDENTIFIER = Yellow.WidgetKitsTest.SimpleStaticWidget;
				PRODUCT_NAME = "$(TARGET_NAME)";
				SKIP_INSTALL = YES;
				SWIFT_EMIT_LOC_STRINGS = YES;
				SWIFT_VERSION = 5.0;
				TARGETED_DEVICE_FAMILY = "1,2";
			};
			name = Debug;
		};
		FDA80AD52B57EE8100372627 /* Release */ = {
			isa = XCBuildConfiguration;
			buildSettings = {
				ASSETCATALOG_COMPILER_GLOBAL_ACCENT_COLOR_NAME = AccentColor;
				ASSETCATALOG_COMPILER_WIDGET_BACKGROUND_COLOR_NAME = WidgetBackground;
				CODE_SIGN_ENTITLEMENTS = SimpleStaticWidgetExtension.entitlements;
				CODE_SIGN_STYLE = Automatic;
				CURRENT_PROJECT_VERSION = 1;
				DEVELOPMENT_TEAM = LJT266936C;
				GENERATE_INFOPLIST_FILE = YES;
				INFOPLIST_FILE = SimpleStaticWidget/Info.plist;
				INFOPLIST_KEY_CFBundleDisplayName = SimpleStaticWidget;
				INFOPLIST_KEY_NSHumanReadableCopyright = "";
				LD_RUNPATH_SEARCH_PATHS = (
					"$(inherited)",
					"@executable_path/Frameworks",
					"@executable_path/../../Frameworks",
				);
				MARKETING_VERSION = 1.0;
				PRODUCT_BUNDLE_IDENTIFIER = Yellow.WidgetKitsTest.SimpleStaticWidget;
				PRODUCT_NAME = "$(TARGET_NAME)";
				SKIP_INSTALL = YES;
				SWIFT_EMIT_LOC_STRINGS = YES;
				SWIFT_VERSION = 5.0;
				TARGETED_DEVICE_FAMILY = "1,2";
			};
			name = Release;
		};
/* End XCBuildConfiguration section */

/* Begin XCConfigurationList section */
		FD948CB42B76475A003732E5 /* Build configuration list for PBXNativeTarget "CustomStockIntentEX" */ = {
			isa = XCConfigurationList;
			buildConfigurations = (
				FD948CB52B76475A003732E5 /* Debug */,
				FD948CB62B76475A003732E5 /* Release */,
			);
			defaultConfigurationIsVisible = 0;
			defaultConfigurationName = Release;
		};
		FDA80AA82B57EE1200372627 /* Build configuration list for PBXProject "WidgetKitsTest" */ = {
			isa = XCConfigurationList;
			buildConfigurations = (
				FDA80AB92B57EE1300372627 /* Debug */,
				FDA80ABA2B57EE1300372627 /* Release */,
			);
			defaultConfigurationIsVisible = 0;
			defaultConfigurationName = Release;
		};
		FDA80ABB2B57EE1300372627 /* Build configuration list for PBXNativeTarget "WidgetKitsTest" */ = {
			isa = XCConfigurationList;
			buildConfigurations = (
				FDA80ABC2B57EE1300372627 /* Debug */,
				FDA80ABD2B57EE1300372627 /* Release */,
			);
			defaultConfigurationIsVisible = 0;
			defaultConfigurationName = Release;
		};
		FDA80AD32B57EE8100372627 /* Build configuration list for PBXNativeTarget "SimpleStaticWidgetExtension" */ = {
			isa = XCConfigurationList;
			buildConfigurations = (
				FDA80AD42B57EE8100372627 /* Debug */,
				FDA80AD52B57EE8100372627 /* Release */,
			);
			defaultConfigurationIsVisible = 0;
			defaultConfigurationName = Release;
		};
/* End XCConfigurationList section */

/* Begin XCVersionGroup section */
		FDA17D6D2B6413AA002E9C48 /* GroceyDataModel.xcdatamodeld */ = {
			isa = XCVersionGroup;
			children = (
				FDA17D6E2B6413AA002E9C48 /* GroceyDataModel.xcdatamodel */,
			);
			currentVersion = FDA17D6E2B6413AA002E9C48 /* GroceyDataModel.xcdatamodel */;
			path = GroceyDataModel.xcdatamodeld;
			sourceTree = "<group>";
			versionGroupType = wrapper.xcdatamodel;
		};
/* End XCVersionGroup section */
	};
	rootObject = FDA80AA52B57EE1200372627 /* Project object */;
}
